// !$*UTF8*$!
{
	archiveVersion = 1;
	classes = {
	};
	objectVersion = 55;
	objects = {

/* Begin PBXBuildFile section */
		39A1376CCB6B5CDD6861533B /* Pods_EasyRent_EasyRentUITests.framework in Frameworks */ = {isa = PBXBuildFile; fileRef = 91B5397CEB2ACC62A8C08475 /* Pods_EasyRent_EasyRentUITests.framework */; };
		628F204FDE97BBB6A53DA001 /* Pods_EasyRentTests.framework in Frameworks */ = {isa = PBXBuildFile; fileRef = B6EBBE1A116A83E42AFF0EAF /* Pods_EasyRentTests.framework */; };
		670BE51B292EB6A900E268ED /* MapVC.swift in Sources */ = {isa = PBXBuildFile; fileRef = 670BE51A292EB6A900E268ED /* MapVC.swift */; };
		6715007629017AD7005014C9 /* SideMenu in Frameworks */ = {isa = PBXBuildFile; productRef = 6715007529017AD7005014C9 /* SideMenu */; };
		674BD8892900943700A26502 /* ProfileVC.swift in Sources */ = {isa = PBXBuildFile; fileRef = 674BD8882900943700A26502 /* ProfileVC.swift */; };
		674BD88B2900DD3300A26502 /* PaymentInfoVC.swift in Sources */ = {isa = PBXBuildFile; fileRef = 674BD88A2900DD3300A26502 /* PaymentInfoVC.swift */; };
		675B3ABA2909FC690021ADB0 /* FirebaseAnalytics in Frameworks */ = {isa = PBXBuildFile; productRef = 675B3AB92909FC690021ADB0 /* FirebaseAnalytics */; };
		675B3ABC2909FC690021ADB0 /* FirebaseAnalyticsSwift in Frameworks */ = {isa = PBXBuildFile; productRef = 675B3ABB2909FC690021ADB0 /* FirebaseAnalyticsSwift */; };
		675B3ABE2909FC690021ADB0 /* FirebaseAppCheck in Frameworks */ = {isa = PBXBuildFile; productRef = 675B3ABD2909FC690021ADB0 /* FirebaseAppCheck */; };
		675B3AC02909FC690021ADB0 /* FirebaseAuth in Frameworks */ = {isa = PBXBuildFile; productRef = 675B3ABF2909FC690021ADB0 /* FirebaseAuth */; };
		675B3AC22909FC690021ADB0 /* FirebaseCrashlytics in Frameworks */ = {isa = PBXBuildFile; productRef = 675B3AC12909FC690021ADB0 /* FirebaseCrashlytics */; };
		675B3AC42909FC690021ADB0 /* FirebaseDatabase in Frameworks */ = {isa = PBXBuildFile; productRef = 675B3AC32909FC690021ADB0 /* FirebaseDatabase */; };
		675B3AC62909FC690021ADB0 /* FirebaseDatabaseSwift in Frameworks */ = {isa = PBXBuildFile; productRef = 675B3AC52909FC690021ADB0 /* FirebaseDatabaseSwift */; };
		675B3AC82909FC690021ADB0 /* FirebaseDynamicLinks in Frameworks */ = {isa = PBXBuildFile; productRef = 675B3AC72909FC690021ADB0 /* FirebaseDynamicLinks */; };
		675B3ACA2909FC690021ADB0 /* FirebaseFirestore in Frameworks */ = {isa = PBXBuildFile; productRef = 675B3AC92909FC690021ADB0 /* FirebaseFirestore */; };
		675B3ACC2909FC690021ADB0 /* FirebaseFirestoreCombine-Community in Frameworks */ = {isa = PBXBuildFile; productRef = 675B3ACB2909FC690021ADB0 /* FirebaseFirestoreCombine-Community */; };
		675B3ACE2909FC690021ADB0 /* FirebaseFirestoreSwift in Frameworks */ = {isa = PBXBuildFile; productRef = 675B3ACD2909FC690021ADB0 /* FirebaseFirestoreSwift */; };
		675B3AD02909FC690021ADB0 /* FirebaseMessaging in Frameworks */ = {isa = PBXBuildFile; productRef = 675B3ACF2909FC690021ADB0 /* FirebaseMessaging */; };
		675B3AD22909FC690021ADB0 /* FirebaseStorage in Frameworks */ = {isa = PBXBuildFile; productRef = 675B3AD12909FC690021ADB0 /* FirebaseStorage */; };
		675B3AD52909FC950021ADB0 /* Alamofire in Frameworks */ = {isa = PBXBuildFile; productRef = 675B3AD42909FC950021ADB0 /* Alamofire */; };
		675B3AD72909FD640021ADB0 /* Webservices.swift in Sources */ = {isa = PBXBuildFile; fileRef = 675B3AD62909FD640021ADB0 /* Webservices.swift */; };
		675B3AD92909FD8F0021ADB0 /* FirebaseHandler.swift in Sources */ = {isa = PBXBuildFile; fileRef = 675B3AD82909FD8F0021ADB0 /* FirebaseHandler.swift */; };
		675B3AF82909FDB60021ADB0 /* IQTextView.swift in Sources */ = {isa = PBXBuildFile; fileRef = 675B3ADD2909FDB50021ADB0 /* IQTextView.swift */; };
		675B3AF92909FDB60021ADB0 /* IQKeyboardManager+Internal.swift in Sources */ = {isa = PBXBuildFile; fileRef = 675B3ADE2909FDB50021ADB0 /* IQKeyboardManager+Internal.swift */; };
		675B3AFA2909FDB60021ADB0 /* IQPreviousNextView.swift in Sources */ = {isa = PBXBuildFile; fileRef = 675B3AE02909FDB50021ADB0 /* IQPreviousNextView.swift */; };
		675B3AFB2909FDB60021ADB0 /* IQTitleBarButtonItem.swift in Sources */ = {isa = PBXBuildFile; fileRef = 675B3AE12909FDB50021ADB0 /* IQTitleBarButtonItem.swift */; };
		675B3AFC2909FDB60021ADB0 /* IQBarButtonItem.swift in Sources */ = {isa = PBXBuildFile; fileRef = 675B3AE22909FDB50021ADB0 /* IQBarButtonItem.swift */; };
		675B3AFD2909FDB60021ADB0 /* IQToolbar.swift in Sources */ = {isa = PBXBuildFile; fileRef = 675B3AE32909FDB50021ADB0 /* IQToolbar.swift */; };
		675B3AFE2909FDB60021ADB0 /* IQUIView+IQKeyboardToolbar.swift in Sources */ = {isa = PBXBuildFile; fileRef = 675B3AE42909FDB50021ADB0 /* IQUIView+IQKeyboardToolbar.swift */; };
		675B3AFF2909FDB60021ADB0 /* IQInvocation.swift in Sources */ = {isa = PBXBuildFile; fileRef = 675B3AE52909FDB50021ADB0 /* IQInvocation.swift */; };
		675B3B002909FDB60021ADB0 /* IQKeyboardManager+UIKeyboardNotification.swift in Sources */ = {isa = PBXBuildFile; fileRef = 675B3AE62909FDB50021ADB0 /* IQKeyboardManager+UIKeyboardNotification.swift */; };
		675B3B012909FDB60021ADB0 /* IQKeyboardManagerConstantsInternal.swift in Sources */ = {isa = PBXBuildFile; fileRef = 675B3AE82909FDB50021ADB0 /* IQKeyboardManagerConstantsInternal.swift */; };
		675B3B022909FDB60021ADB0 /* IQKeyboardManagerConstants.swift in Sources */ = {isa = PBXBuildFile; fileRef = 675B3AE92909FDB50021ADB0 /* IQKeyboardManagerConstants.swift */; };
		675B3B032909FDB60021ADB0 /* IQKeyboardManager+Position.swift in Sources */ = {isa = PBXBuildFile; fileRef = 675B3AEA2909FDB50021ADB0 /* IQKeyboardManager+Position.swift */; };
		675B3B042909FDB60021ADB0 /* IQKeyboardReturnKeyHandler.swift in Sources */ = {isa = PBXBuildFile; fileRef = 675B3AEB2909FDB50021ADB0 /* IQKeyboardReturnKeyHandler.swift */; };
		675B3B052909FDB60021ADB0 /* IQKeyboardManager.swift in Sources */ = {isa = PBXBuildFile; fileRef = 675B3AEC2909FDB50021ADB0 /* IQKeyboardManager.swift */; };
		675B3B062909FDB60021ADB0 /* IQKeyboardManager+Debug.swift in Sources */ = {isa = PBXBuildFile; fileRef = 675B3AED2909FDB50021ADB0 /* IQKeyboardManager+Debug.swift */; };
		675B3B072909FDB60021ADB0 /* IQKeyboardManager+OrientationNotification.swift in Sources */ = {isa = PBXBuildFile; fileRef = 675B3AEE2909FDB50021ADB0 /* IQKeyboardManager+OrientationNotification.swift */; };
		675B3B082909FDB60021ADB0 /* IQKeyboardManager+Toolbar.swift in Sources */ = {isa = PBXBuildFile; fileRef = 675B3AEF2909FDB50021ADB0 /* IQKeyboardManager+Toolbar.swift */; };
		675B3B092909FDB60021ADB0 /* IQUIScrollView+Additions.swift in Sources */ = {isa = PBXBuildFile; fileRef = 675B3AF22909FDB50021ADB0 /* IQUIScrollView+Additions.swift */; };
		675B3B0A2909FDB60021ADB0 /* IQUIViewController+Additions.swift in Sources */ = {isa = PBXBuildFile; fileRef = 675B3AF32909FDB50021ADB0 /* IQUIViewController+Additions.swift */; };
		675B3B0B2909FDB60021ADB0 /* IQUITextFieldView+Additions.swift in Sources */ = {isa = PBXBuildFile; fileRef = 675B3AF42909FDB50021ADB0 /* IQUITextFieldView+Additions.swift */; };
		675B3B0C2909FDB60021ADB0 /* IQUIView+Hierarchy.swift in Sources */ = {isa = PBXBuildFile; fileRef = 675B3AF52909FDB50021ADB0 /* IQUIView+Hierarchy.swift */; };
		675B3B0D2909FDB60021ADB0 /* IQNSArray+Sort.swift in Sources */ = {isa = PBXBuildFile; fileRef = 675B3AF62909FDB50021ADB0 /* IQNSArray+Sort.swift */; };
		675B3B0E2909FDB60021ADB0 /* IQKeyboardManager+UITextFieldViewNotification.swift in Sources */ = {isa = PBXBuildFile; fileRef = 675B3AF72909FDB50021ADB0 /* IQKeyboardManager+UITextFieldViewNotification.swift */; };
		675B3B102909FE000021ADB0 /* UserModel.swift in Sources */ = {isa = PBXBuildFile; fileRef = 675B3B0F2909FE000021ADB0 /* UserModel.swift */; };
		67746439290A02DA007B1A6E /* GoogleService-Info.plist in Resources */ = {isa = PBXBuildFile; fileRef = 67746438290A02DA007B1A6E /* GoogleService-Info.plist */; };
		67A4D7CE290ADD7800895A8D /* SDWebImage in Frameworks */ = {isa = PBXBuildFile; productRef = 67A4D7CD290ADD7800895A8D /* SDWebImage */; };
		67A4D7D0290ADDAB00895A8D /* Extension+UIImageView.swift in Sources */ = {isa = PBXBuildFile; fileRef = 67A4D7CF290ADDAB00895A8D /* Extension+UIImageView.swift */; };
		67BE789E28F76D92008EC972 /* SideMenuVC.swift in Sources */ = {isa = PBXBuildFile; fileRef = 67BE789D28F76D92008EC972 /* SideMenuVC.swift */; };
		67BE78A028F76E8B008EC972 /* Navigation.swift in Sources */ = {isa = PBXBuildFile; fileRef = 67BE789F28F76E8B008EC972 /* Navigation.swift */; };
		67BE78A228F76F90008EC972 /* EasyRentEnums.swift in Sources */ = {isa = PBXBuildFile; fileRef = 67BE78A128F76F90008EC972 /* EasyRentEnums.swift */; };
		67D3E6A6291187F50062D4E7 /* RideSearchVC.swift in Sources */ = {isa = PBXBuildFile; fileRef = 67D3E6A5291187F50062D4E7 /* RideSearchVC.swift */; };
		67D8F7F928F73CC60021D0C0 /* HomeVC.swift in Sources */ = {isa = PBXBuildFile; fileRef = 67D8F7F828F73CC60021D0C0 /* HomeVC.swift */; };
		67D8F7FD28F741510021D0C0 /* Montserrat-Italic-VariableFont_wght.ttf in Resources */ = {isa = PBXBuildFile; fileRef = 67D8F7FB28F741510021D0C0 /* Montserrat-Italic-VariableFont_wght.ttf */; };
		67D8F7FE28F741510021D0C0 /* Montserrat-VariableFont_wght.ttf in Resources */ = {isa = PBXBuildFile; fileRef = 67D8F7FC28F741510021D0C0 /* Montserrat-VariableFont_wght.ttf */; };
		67D8F81128F7415B0021D0C0 /* Montserrat-SemiBold.ttf in Resources */ = {isa = PBXBuildFile; fileRef = 67D8F7FF28F7415A0021D0C0 /* Montserrat-SemiBold.ttf */; };
		67D8F81228F7415B0021D0C0 /* Montserrat-SemiBoldItalic.ttf in Resources */ = {isa = PBXBuildFile; fileRef = 67D8F80028F7415A0021D0C0 /* Montserrat-SemiBoldItalic.ttf */; };
		67D8F81328F7415B0021D0C0 /* Montserrat-Medium.ttf in Resources */ = {isa = PBXBuildFile; fileRef = 67D8F80128F7415A0021D0C0 /* Montserrat-Medium.ttf */; };
		67D8F81428F7415B0021D0C0 /* Montserrat-Regular.ttf in Resources */ = {isa = PBXBuildFile; fileRef = 67D8F80228F7415A0021D0C0 /* Montserrat-Regular.ttf */; };
		67D8F81528F7415B0021D0C0 /* Montserrat-LightItalic.ttf in Resources */ = {isa = PBXBuildFile; fileRef = 67D8F80328F7415A0021D0C0 /* Montserrat-LightItalic.ttf */; };
		67D8F81628F7415B0021D0C0 /* Montserrat-ExtraLight.ttf in Resources */ = {isa = PBXBuildFile; fileRef = 67D8F80428F7415A0021D0C0 /* Montserrat-ExtraLight.ttf */; };
		67D8F81728F7415B0021D0C0 /* Montserrat-ExtraBold.ttf in Resources */ = {isa = PBXBuildFile; fileRef = 67D8F80528F7415A0021D0C0 /* Montserrat-ExtraBold.ttf */; };
		67D8F81828F7415B0021D0C0 /* Montserrat-BlackItalic.ttf in Resources */ = {isa = PBXBuildFile; fileRef = 67D8F80628F7415A0021D0C0 /* Montserrat-BlackItalic.ttf */; };
		67D8F81928F7415B0021D0C0 /* Montserrat-Italic.ttf in Resources */ = {isa = PBXBuildFile; fileRef = 67D8F80728F7415A0021D0C0 /* Montserrat-Italic.ttf */; };
		67D8F81A28F7415B0021D0C0 /* Montserrat-Thin.ttf in Resources */ = {isa = PBXBuildFile; fileRef = 67D8F80828F7415A0021D0C0 /* Montserrat-Thin.ttf */; };
		67D8F81B28F7415B0021D0C0 /* Montserrat-ThinItalic.ttf in Resources */ = {isa = PBXBuildFile; fileRef = 67D8F80928F7415A0021D0C0 /* Montserrat-ThinItalic.ttf */; };
		67D8F81C28F7415B0021D0C0 /* Montserrat-ExtraBoldItalic.ttf in Resources */ = {isa = PBXBuildFile; fileRef = 67D8F80A28F7415A0021D0C0 /* Montserrat-ExtraBoldItalic.ttf */; };
		67D8F81D28F7415B0021D0C0 /* Montserrat-ExtraLightItalic.ttf in Resources */ = {isa = PBXBuildFile; fileRef = 67D8F80B28F7415A0021D0C0 /* Montserrat-ExtraLightItalic.ttf */; };
		67D8F81E28F7415B0021D0C0 /* Montserrat-Bold.ttf in Resources */ = {isa = PBXBuildFile; fileRef = 67D8F80C28F7415B0021D0C0 /* Montserrat-Bold.ttf */; };
		67D8F81F28F7415B0021D0C0 /* Montserrat-MediumItalic.ttf in Resources */ = {isa = PBXBuildFile; fileRef = 67D8F80D28F7415B0021D0C0 /* Montserrat-MediumItalic.ttf */; };
		67D8F82028F7415B0021D0C0 /* Montserrat-BoldItalic.ttf in Resources */ = {isa = PBXBuildFile; fileRef = 67D8F80E28F7415B0021D0C0 /* Montserrat-BoldItalic.ttf */; };
		67D8F82128F7415B0021D0C0 /* Montserrat-Black.ttf in Resources */ = {isa = PBXBuildFile; fileRef = 67D8F80F28F7415B0021D0C0 /* Montserrat-Black.ttf */; };
		67D8F82228F7415B0021D0C0 /* Montserrat-Light.ttf in Resources */ = {isa = PBXBuildFile; fileRef = 67D8F81028F7415B0021D0C0 /* Montserrat-Light.ttf */; };
		67D8F82428F743BC0021D0C0 /* Design.swift in Sources */ = {isa = PBXBuildFile; fileRef = 67D8F82328F743BC0021D0C0 /* Design.swift */; };
		67D8F82628F74A940021D0C0 /* Utility.swift in Sources */ = {isa = PBXBuildFile; fileRef = 67D8F82528F74A940021D0C0 /* Utility.swift */; };
		67D8F82828F74B8C0021D0C0 /* Configuration.swift in Sources */ = {isa = PBXBuildFile; fileRef = 67D8F82728F74B8C0021D0C0 /* Configuration.swift */; };
		67D8F82A28F758040021D0C0 /* Extension+String.swift in Sources */ = {isa = PBXBuildFile; fileRef = 67D8F82928F758040021D0C0 /* Extension+String.swift */; };
		67F8148928F39682000DC499 /* AppDelegate.swift in Sources */ = {isa = PBXBuildFile; fileRef = 67F8148828F39682000DC499 /* AppDelegate.swift */; };
		67F8148B28F39682000DC499 /* SceneDelegate.swift in Sources */ = {isa = PBXBuildFile; fileRef = 67F8148A28F39682000DC499 /* SceneDelegate.swift */; };
		67F8148D28F39682000DC499 /* ViewController.swift in Sources */ = {isa = PBXBuildFile; fileRef = 67F8148C28F39682000DC499 /* ViewController.swift */; };
		67F8149028F39682000DC499 /* Main.storyboard in Resources */ = {isa = PBXBuildFile; fileRef = 67F8148E28F39682000DC499 /* Main.storyboard */; };
		67F8149328F39682000DC499 /* EasyRent.xcdatamodeld in Sources */ = {isa = PBXBuildFile; fileRef = 67F8149128F39682000DC499 /* EasyRent.xcdatamodeld */; };
		67F8149528F39685000DC499 /* Assets.xcassets in Resources */ = {isa = PBXBuildFile; fileRef = 67F8149428F39685000DC499 /* Assets.xcassets */; };
		67F8149828F39685000DC499 /* LaunchScreen.storyboard in Resources */ = {isa = PBXBuildFile; fileRef = 67F8149628F39685000DC499 /* LaunchScreen.storyboard */; };
		67F814A328F39685000DC499 /* EasyRentTests.swift in Sources */ = {isa = PBXBuildFile; fileRef = 67F814A228F39685000DC499 /* EasyRentTests.swift */; };
		67F814AD28F39685000DC499 /* EasyRentUITests.swift in Sources */ = {isa = PBXBuildFile; fileRef = 67F814AC28F39685000DC499 /* EasyRentUITests.swift */; };
		67F814AF28F39685000DC499 /* EasyRentUITestsLaunchTests.swift in Sources */ = {isa = PBXBuildFile; fileRef = 67F814AE28F39685000DC499 /* EasyRentUITestsLaunchTests.swift */; };
		67FC5668291C2F94005C5F88 /* Extension+Number.swift in Sources */ = {isa = PBXBuildFile; fileRef = 67FC5667291C2F94005C5F88 /* Extension+Number.swift */; };
		B5EE3131CB5EB4B31EBE67B3 /* Pods_EasyRent.framework in Frameworks */ = {isa = PBXBuildFile; fileRef = DE85CA53FE8948557E57C51B /* Pods_EasyRent.framework */; };
/* End PBXBuildFile section */

/* Begin PBXContainerItemProxy section */
		67F8149F28F39685000DC499 /* PBXContainerItemProxy */ = {
			isa = PBXContainerItemProxy;
			containerPortal = 67F8147D28F39681000DC499 /* Project object */;
			proxyType = 1;
			remoteGlobalIDString = 67F8148428F39681000DC499;
			remoteInfo = EasyRent;
		};
		67F814A928F39685000DC499 /* PBXContainerItemProxy */ = {
			isa = PBXContainerItemProxy;
			containerPortal = 67F8147D28F39681000DC499 /* Project object */;
			proxyType = 1;
			remoteGlobalIDString = 67F8148428F39681000DC499;
			remoteInfo = EasyRent;
		};
/* End PBXContainerItemProxy section */

/* Begin PBXFileReference section */
		670BE51A292EB6A900E268ED /* MapVC.swift */ = {isa = PBXFileReference; lastKnownFileType = sourcecode.swift; path = MapVC.swift; sourceTree = "<group>"; };
		674BD8882900943700A26502 /* ProfileVC.swift */ = {isa = PBXFileReference; lastKnownFileType = sourcecode.swift; path = ProfileVC.swift; sourceTree = "<group>"; };
		674BD88A2900DD3300A26502 /* PaymentInfoVC.swift */ = {isa = PBXFileReference; lastKnownFileType = sourcecode.swift; path = PaymentInfoVC.swift; sourceTree = "<group>"; };
		675B3AD62909FD640021ADB0 /* Webservices.swift */ = {isa = PBXFileReference; fileEncoding = 4; lastKnownFileType = sourcecode.swift; path = Webservices.swift; sourceTree = "<group>"; };
		675B3AD82909FD8F0021ADB0 /* FirebaseHandler.swift */ = {isa = PBXFileReference; fileEncoding = 4; lastKnownFileType = sourcecode.swift; path = FirebaseHandler.swift; sourceTree = "<group>"; };
		675B3ADD2909FDB50021ADB0 /* IQTextView.swift */ = {isa = PBXFileReference; fileEncoding = 4; lastKnownFileType = sourcecode.swift; path = IQTextView.swift; sourceTree = "<group>"; };
		675B3ADE2909FDB50021ADB0 /* IQKeyboardManager+Internal.swift */ = {isa = PBXFileReference; fileEncoding = 4; lastKnownFileType = sourcecode.swift; path = "IQKeyboardManager+Internal.swift"; sourceTree = "<group>"; };
		675B3AE02909FDB50021ADB0 /* IQPreviousNextView.swift */ = {isa = PBXFileReference; fileEncoding = 4; lastKnownFileType = sourcecode.swift; path = IQPreviousNextView.swift; sourceTree = "<group>"; };
		675B3AE12909FDB50021ADB0 /* IQTitleBarButtonItem.swift */ = {isa = PBXFileReference; fileEncoding = 4; lastKnownFileType = sourcecode.swift; path = IQTitleBarButtonItem.swift; sourceTree = "<group>"; };
		675B3AE22909FDB50021ADB0 /* IQBarButtonItem.swift */ = {isa = PBXFileReference; fileEncoding = 4; lastKnownFileType = sourcecode.swift; path = IQBarButtonItem.swift; sourceTree = "<group>"; };
		675B3AE32909FDB50021ADB0 /* IQToolbar.swift */ = {isa = PBXFileReference; fileEncoding = 4; lastKnownFileType = sourcecode.swift; path = IQToolbar.swift; sourceTree = "<group>"; };
		675B3AE42909FDB50021ADB0 /* IQUIView+IQKeyboardToolbar.swift */ = {isa = PBXFileReference; fileEncoding = 4; lastKnownFileType = sourcecode.swift; path = "IQUIView+IQKeyboardToolbar.swift"; sourceTree = "<group>"; };
		675B3AE52909FDB50021ADB0 /* IQInvocation.swift */ = {isa = PBXFileReference; fileEncoding = 4; lastKnownFileType = sourcecode.swift; path = IQInvocation.swift; sourceTree = "<group>"; };
		675B3AE62909FDB50021ADB0 /* IQKeyboardManager+UIKeyboardNotification.swift */ = {isa = PBXFileReference; fileEncoding = 4; lastKnownFileType = sourcecode.swift; path = "IQKeyboardManager+UIKeyboardNotification.swift"; sourceTree = "<group>"; };
		675B3AE82909FDB50021ADB0 /* IQKeyboardManagerConstantsInternal.swift */ = {isa = PBXFileReference; fileEncoding = 4; lastKnownFileType = sourcecode.swift; path = IQKeyboardManagerConstantsInternal.swift; sourceTree = "<group>"; };
		675B3AE92909FDB50021ADB0 /* IQKeyboardManagerConstants.swift */ = {isa = PBXFileReference; fileEncoding = 4; lastKnownFileType = sourcecode.swift; path = IQKeyboardManagerConstants.swift; sourceTree = "<group>"; };
		675B3AEA2909FDB50021ADB0 /* IQKeyboardManager+Position.swift */ = {isa = PBXFileReference; fileEncoding = 4; lastKnownFileType = sourcecode.swift; path = "IQKeyboardManager+Position.swift"; sourceTree = "<group>"; };
		675B3AEB2909FDB50021ADB0 /* IQKeyboardReturnKeyHandler.swift */ = {isa = PBXFileReference; fileEncoding = 4; lastKnownFileType = sourcecode.swift; path = IQKeyboardReturnKeyHandler.swift; sourceTree = "<group>"; };
		675B3AEC2909FDB50021ADB0 /* IQKeyboardManager.swift */ = {isa = PBXFileReference; fileEncoding = 4; lastKnownFileType = sourcecode.swift; path = IQKeyboardManager.swift; sourceTree = "<group>"; };
		675B3AED2909FDB50021ADB0 /* IQKeyboardManager+Debug.swift */ = {isa = PBXFileReference; fileEncoding = 4; lastKnownFileType = sourcecode.swift; path = "IQKeyboardManager+Debug.swift"; sourceTree = "<group>"; };
		675B3AEE2909FDB50021ADB0 /* IQKeyboardManager+OrientationNotification.swift */ = {isa = PBXFileReference; fileEncoding = 4; lastKnownFileType = sourcecode.swift; path = "IQKeyboardManager+OrientationNotification.swift"; sourceTree = "<group>"; };
		675B3AEF2909FDB50021ADB0 /* IQKeyboardManager+Toolbar.swift */ = {isa = PBXFileReference; fileEncoding = 4; lastKnownFileType = sourcecode.swift; path = "IQKeyboardManager+Toolbar.swift"; sourceTree = "<group>"; };
		675B3AF02909FDB50021ADB0 /* IQKeyboardManagerSwift.h */ = {isa = PBXFileReference; fileEncoding = 4; lastKnownFileType = sourcecode.c.h; path = IQKeyboardManagerSwift.h; sourceTree = "<group>"; };
		675B3AF22909FDB50021ADB0 /* IQUIScrollView+Additions.swift */ = {isa = PBXFileReference; fileEncoding = 4; lastKnownFileType = sourcecode.swift; path = "IQUIScrollView+Additions.swift"; sourceTree = "<group>"; };
		675B3AF32909FDB50021ADB0 /* IQUIViewController+Additions.swift */ = {isa = PBXFileReference; fileEncoding = 4; lastKnownFileType = sourcecode.swift; path = "IQUIViewController+Additions.swift"; sourceTree = "<group>"; };
		675B3AF42909FDB50021ADB0 /* IQUITextFieldView+Additions.swift */ = {isa = PBXFileReference; fileEncoding = 4; lastKnownFileType = sourcecode.swift; path = "IQUITextFieldView+Additions.swift"; sourceTree = "<group>"; };
		675B3AF52909FDB50021ADB0 /* IQUIView+Hierarchy.swift */ = {isa = PBXFileReference; fileEncoding = 4; lastKnownFileType = sourcecode.swift; path = "IQUIView+Hierarchy.swift"; sourceTree = "<group>"; };
		675B3AF62909FDB50021ADB0 /* IQNSArray+Sort.swift */ = {isa = PBXFileReference; fileEncoding = 4; lastKnownFileType = sourcecode.swift; path = "IQNSArray+Sort.swift"; sourceTree = "<group>"; };
		675B3AF72909FDB50021ADB0 /* IQKeyboardManager+UITextFieldViewNotification.swift */ = {isa = PBXFileReference; fileEncoding = 4; lastKnownFileType = sourcecode.swift; path = "IQKeyboardManager+UITextFieldViewNotification.swift"; sourceTree = "<group>"; };
		675B3B0F2909FE000021ADB0 /* UserModel.swift */ = {isa = PBXFileReference; lastKnownFileType = sourcecode.swift; path = UserModel.swift; sourceTree = "<group>"; };
		67746438290A02DA007B1A6E /* GoogleService-Info.plist */ = {isa = PBXFileReference; fileEncoding = 4; lastKnownFileType = text.plist.xml; path = "GoogleService-Info.plist"; sourceTree = "<group>"; };
		67891F51FAD54A2B47C3A90A /* Pods-EasyRent-EasyRentUITests.debug.xcconfig */ = {isa = PBXFileReference; includeInIndex = 1; lastKnownFileType = text.xcconfig; name = "Pods-EasyRent-EasyRentUITests.debug.xcconfig"; path = "Target Support Files/Pods-EasyRent-EasyRentUITests/Pods-EasyRent-EasyRentUITests.debug.xcconfig"; sourceTree = "<group>"; };
		67A4D7CF290ADDAB00895A8D /* Extension+UIImageView.swift */ = {isa = PBXFileReference; lastKnownFileType = sourcecode.swift; path = "Extension+UIImageView.swift"; sourceTree = "<group>"; };
		67BE789D28F76D92008EC972 /* SideMenuVC.swift */ = {isa = PBXFileReference; lastKnownFileType = sourcecode.swift; path = SideMenuVC.swift; sourceTree = "<group>"; };
		67BE789F28F76E8B008EC972 /* Navigation.swift */ = {isa = PBXFileReference; lastKnownFileType = sourcecode.swift; path = Navigation.swift; sourceTree = "<group>"; };
		67BE78A128F76F90008EC972 /* EasyRentEnums.swift */ = {isa = PBXFileReference; lastKnownFileType = sourcecode.swift; path = EasyRentEnums.swift; sourceTree = "<group>"; };
		67D3E6A5291187F50062D4E7 /* RideSearchVC.swift */ = {isa = PBXFileReference; lastKnownFileType = sourcecode.swift; path = RideSearchVC.swift; sourceTree = "<group>"; };
		67D8F7F828F73CC60021D0C0 /* HomeVC.swift */ = {isa = PBXFileReference; lastKnownFileType = sourcecode.swift; path = HomeVC.swift; sourceTree = "<group>"; };
		67D8F7FB28F741510021D0C0 /* Montserrat-Italic-VariableFont_wght.ttf */ = {isa = PBXFileReference; lastKnownFileType = file; path = "Montserrat-Italic-VariableFont_wght.ttf"; sourceTree = "<group>"; };
		67D8F7FC28F741510021D0C0 /* Montserrat-VariableFont_wght.ttf */ = {isa = PBXFileReference; lastKnownFileType = file; path = "Montserrat-VariableFont_wght.ttf"; sourceTree = "<group>"; };
		67D8F7FF28F7415A0021D0C0 /* Montserrat-SemiBold.ttf */ = {isa = PBXFileReference; lastKnownFileType = file; path = "Montserrat-SemiBold.ttf"; sourceTree = "<group>"; };
		67D8F80028F7415A0021D0C0 /* Montserrat-SemiBoldItalic.ttf */ = {isa = PBXFileReference; lastKnownFileType = file; path = "Montserrat-SemiBoldItalic.ttf"; sourceTree = "<group>"; };
		67D8F80128F7415A0021D0C0 /* Montserrat-Medium.ttf */ = {isa = PBXFileReference; lastKnownFileType = file; path = "Montserrat-Medium.ttf"; sourceTree = "<group>"; };
		67D8F80228F7415A0021D0C0 /* Montserrat-Regular.ttf */ = {isa = PBXFileReference; lastKnownFileType = file; path = "Montserrat-Regular.ttf"; sourceTree = "<group>"; };
		67D8F80328F7415A0021D0C0 /* Montserrat-LightItalic.ttf */ = {isa = PBXFileReference; lastKnownFileType = file; path = "Montserrat-LightItalic.ttf"; sourceTree = "<group>"; };
		67D8F80428F7415A0021D0C0 /* Montserrat-ExtraLight.ttf */ = {isa = PBXFileReference; lastKnownFileType = file; path = "Montserrat-ExtraLight.ttf"; sourceTree = "<group>"; };
		67D8F80528F7415A0021D0C0 /* Montserrat-ExtraBold.ttf */ = {isa = PBXFileReference; lastKnownFileType = file; path = "Montserrat-ExtraBold.ttf"; sourceTree = "<group>"; };
		67D8F80628F7415A0021D0C0 /* Montserrat-BlackItalic.ttf */ = {isa = PBXFileReference; lastKnownFileType = file; path = "Montserrat-BlackItalic.ttf"; sourceTree = "<group>"; };
		67D8F80728F7415A0021D0C0 /* Montserrat-Italic.ttf */ = {isa = PBXFileReference; lastKnownFileType = file; path = "Montserrat-Italic.ttf"; sourceTree = "<group>"; };
		67D8F80828F7415A0021D0C0 /* Montserrat-Thin.ttf */ = {isa = PBXFileReference; lastKnownFileType = file; path = "Montserrat-Thin.ttf"; sourceTree = "<group>"; };
		67D8F80928F7415A0021D0C0 /* Montserrat-ThinItalic.ttf */ = {isa = PBXFileReference; lastKnownFileType = file; path = "Montserrat-ThinItalic.ttf"; sourceTree = "<group>"; };
		67D8F80A28F7415A0021D0C0 /* Montserrat-ExtraBoldItalic.ttf */ = {isa = PBXFileReference; lastKnownFileType = file; path = "Montserrat-ExtraBoldItalic.ttf"; sourceTree = "<group>"; };
		67D8F80B28F7415A0021D0C0 /* Montserrat-ExtraLightItalic.ttf */ = {isa = PBXFileReference; lastKnownFileType = file; path = "Montserrat-ExtraLightItalic.ttf"; sourceTree = "<group>"; };
		67D8F80C28F7415B0021D0C0 /* Montserrat-Bold.ttf */ = {isa = PBXFileReference; lastKnownFileType = file; path = "Montserrat-Bold.ttf"; sourceTree = "<group>"; };
		67D8F80D28F7415B0021D0C0 /* Montserrat-MediumItalic.ttf */ = {isa = PBXFileReference; lastKnownFileType = file; path = "Montserrat-MediumItalic.ttf"; sourceTree = "<group>"; };
		67D8F80E28F7415B0021D0C0 /* Montserrat-BoldItalic.ttf */ = {isa = PBXFileReference; lastKnownFileType = file; path = "Montserrat-BoldItalic.ttf"; sourceTree = "<group>"; };
		67D8F80F28F7415B0021D0C0 /* Montserrat-Black.ttf */ = {isa = PBXFileReference; lastKnownFileType = file; path = "Montserrat-Black.ttf"; sourceTree = "<group>"; };
		67D8F81028F7415B0021D0C0 /* Montserrat-Light.ttf */ = {isa = PBXFileReference; lastKnownFileType = file; path = "Montserrat-Light.ttf"; sourceTree = "<group>"; };
		67D8F82328F743BC0021D0C0 /* Design.swift */ = {isa = PBXFileReference; fileEncoding = 4; lastKnownFileType = sourcecode.swift; path = Design.swift; sourceTree = "<group>"; };
		67D8F82528F74A940021D0C0 /* Utility.swift */ = {isa = PBXFileReference; lastKnownFileType = sourcecode.swift; path = Utility.swift; sourceTree = "<group>"; };
		67D8F82728F74B8C0021D0C0 /* Configuration.swift */ = {isa = PBXFileReference; lastKnownFileType = sourcecode.swift; path = Configuration.swift; sourceTree = "<group>"; };
		67D8F82928F758040021D0C0 /* Extension+String.swift */ = {isa = PBXFileReference; lastKnownFileType = sourcecode.swift; path = "Extension+String.swift"; sourceTree = "<group>"; };
		67F8148528F39682000DC499 /* EasyRent.app */ = {isa = PBXFileReference; explicitFileType = wrapper.application; includeInIndex = 0; path = EasyRent.app; sourceTree = BUILT_PRODUCTS_DIR; };
		67F8148828F39682000DC499 /* AppDelegate.swift */ = {isa = PBXFileReference; lastKnownFileType = sourcecode.swift; path = AppDelegate.swift; sourceTree = "<group>"; };
		67F8148A28F39682000DC499 /* SceneDelegate.swift */ = {isa = PBXFileReference; lastKnownFileType = sourcecode.swift; path = SceneDelegate.swift; sourceTree = "<group>"; };
		67F8148C28F39682000DC499 /* ViewController.swift */ = {isa = PBXFileReference; lastKnownFileType = sourcecode.swift; path = ViewController.swift; sourceTree = "<group>"; };
		67F8148F28F39682000DC499 /* Base */ = {isa = PBXFileReference; lastKnownFileType = file.storyboard; name = Base; path = Base.lproj/Main.storyboard; sourceTree = "<group>"; };
		67F8149228F39682000DC499 /* EasyRent.xcdatamodel */ = {isa = PBXFileReference; lastKnownFileType = wrapper.xcdatamodel; path = EasyRent.xcdatamodel; sourceTree = "<group>"; };
		67F8149428F39685000DC499 /* Assets.xcassets */ = {isa = PBXFileReference; lastKnownFileType = folder.assetcatalog; path = Assets.xcassets; sourceTree = "<group>"; };
		67F8149728F39685000DC499 /* Base */ = {isa = PBXFileReference; lastKnownFileType = file.storyboard; name = Base; path = Base.lproj/LaunchScreen.storyboard; sourceTree = "<group>"; };
		67F8149928F39685000DC499 /* Info.plist */ = {isa = PBXFileReference; lastKnownFileType = text.plist.xml; path = Info.plist; sourceTree = "<group>"; };
		67F8149E28F39685000DC499 /* EasyRentTests.xctest */ = {isa = PBXFileReference; explicitFileType = wrapper.cfbundle; includeInIndex = 0; path = EasyRentTests.xctest; sourceTree = BUILT_PRODUCTS_DIR; };
		67F814A228F39685000DC499 /* EasyRentTests.swift */ = {isa = PBXFileReference; lastKnownFileType = sourcecode.swift; path = EasyRentTests.swift; sourceTree = "<group>"; };
		67F814A828F39685000DC499 /* EasyRentUITests.xctest */ = {isa = PBXFileReference; explicitFileType = wrapper.cfbundle; includeInIndex = 0; path = EasyRentUITests.xctest; sourceTree = BUILT_PRODUCTS_DIR; };
		67F814AC28F39685000DC499 /* EasyRentUITests.swift */ = {isa = PBXFileReference; lastKnownFileType = sourcecode.swift; path = EasyRentUITests.swift; sourceTree = "<group>"; };
		67F814AE28F39685000DC499 /* EasyRentUITestsLaunchTests.swift */ = {isa = PBXFileReference; lastKnownFileType = sourcecode.swift; path = EasyRentUITestsLaunchTests.swift; sourceTree = "<group>"; };
		67FC5667291C2F94005C5F88 /* Extension+Number.swift */ = {isa = PBXFileReference; lastKnownFileType = sourcecode.swift; path = "Extension+Number.swift"; sourceTree = "<group>"; };
		91B5397CEB2ACC62A8C08475 /* Pods_EasyRent_EasyRentUITests.framework */ = {isa = PBXFileReference; explicitFileType = wrapper.framework; includeInIndex = 0; path = Pods_EasyRent_EasyRentUITests.framework; sourceTree = BUILT_PRODUCTS_DIR; };
		938C9F6836F14F0152850D75 /* Pods-EasyRent.debug.xcconfig */ = {isa = PBXFileReference; includeInIndex = 1; lastKnownFileType = text.xcconfig; name = "Pods-EasyRent.debug.xcconfig"; path = "Target Support Files/Pods-EasyRent/Pods-EasyRent.debug.xcconfig"; sourceTree = "<group>"; };
		9E6C476F40D5997A0BF5F869 /* Pods-EasyRent-EasyRentUITests.release.xcconfig */ = {isa = PBXFileReference; includeInIndex = 1; lastKnownFileType = text.xcconfig; name = "Pods-EasyRent-EasyRentUITests.release.xcconfig"; path = "Target Support Files/Pods-EasyRent-EasyRentUITests/Pods-EasyRent-EasyRentUITests.release.xcconfig"; sourceTree = "<group>"; };
		B6EBBE1A116A83E42AFF0EAF /* Pods_EasyRentTests.framework */ = {isa = PBXFileReference; explicitFileType = wrapper.framework; includeInIndex = 0; path = Pods_EasyRentTests.framework; sourceTree = BUILT_PRODUCTS_DIR; };
		C9978D4B0DB8B4D698736CF3 /* Pods-EasyRent.release.xcconfig */ = {isa = PBXFileReference; includeInIndex = 1; lastKnownFileType = text.xcconfig; name = "Pods-EasyRent.release.xcconfig"; path = "Target Support Files/Pods-EasyRent/Pods-EasyRent.release.xcconfig"; sourceTree = "<group>"; };
		DD0D4690CC4754E7D266D527 /* Pods-EasyRentTests.release.xcconfig */ = {isa = PBXFileReference; includeInIndex = 1; lastKnownFileType = text.xcconfig; name = "Pods-EasyRentTests.release.xcconfig"; path = "Target Support Files/Pods-EasyRentTests/Pods-EasyRentTests.release.xcconfig"; sourceTree = "<group>"; };
		DE85CA53FE8948557E57C51B /* Pods_EasyRent.framework */ = {isa = PBXFileReference; explicitFileType = wrapper.framework; includeInIndex = 0; path = Pods_EasyRent.framework; sourceTree = BUILT_PRODUCTS_DIR; };
		FF13CF93A985646B8E763A33 /* Pods-EasyRentTests.debug.xcconfig */ = {isa = PBXFileReference; includeInIndex = 1; lastKnownFileType = text.xcconfig; name = "Pods-EasyRentTests.debug.xcconfig"; path = "Target Support Files/Pods-EasyRentTests/Pods-EasyRentTests.debug.xcconfig"; sourceTree = "<group>"; };
/* End PBXFileReference section */

/* Begin PBXFrameworksBuildPhase section */
		67F8148228F39681000DC499 /* Frameworks */ = {
			isa = PBXFrameworksBuildPhase;
			buildActionMask = 2147483647;
			files = (
				675B3AD52909FC950021ADB0 /* Alamofire in Frameworks */,
				675B3AC62909FC690021ADB0 /* FirebaseDatabaseSwift in Frameworks */,
				67A4D7CE290ADD7800895A8D /* SDWebImage in Frameworks */,
				675B3ABE2909FC690021ADB0 /* FirebaseAppCheck in Frameworks */,
				675B3AC02909FC690021ADB0 /* FirebaseAuth in Frameworks */,
				675B3ACA2909FC690021ADB0 /* FirebaseFirestore in Frameworks */,
				675B3ABC2909FC690021ADB0 /* FirebaseAnalyticsSwift in Frameworks */,
				675B3ACC2909FC690021ADB0 /* FirebaseFirestoreCombine-Community in Frameworks */,
				675B3AC22909FC690021ADB0 /* FirebaseCrashlytics in Frameworks */,
				675B3AC82909FC690021ADB0 /* FirebaseDynamicLinks in Frameworks */,
				675B3AD02909FC690021ADB0 /* FirebaseMessaging in Frameworks */,
				675B3ABA2909FC690021ADB0 /* FirebaseAnalytics in Frameworks */,
				675B3AC42909FC690021ADB0 /* FirebaseDatabase in Frameworks */,
				675B3AD22909FC690021ADB0 /* FirebaseStorage in Frameworks */,
				6715007629017AD7005014C9 /* SideMenu in Frameworks */,
				675B3ACE2909FC690021ADB0 /* FirebaseFirestoreSwift in Frameworks */,
				B5EE3131CB5EB4B31EBE67B3 /* Pods_EasyRent.framework in Frameworks */,
			);
			runOnlyForDeploymentPostprocessing = 0;
		};
		67F8149B28F39685000DC499 /* Frameworks */ = {
			isa = PBXFrameworksBuildPhase;
			buildActionMask = 2147483647;
			files = (
				628F204FDE97BBB6A53DA001 /* Pods_EasyRentTests.framework in Frameworks */,
			);
			runOnlyForDeploymentPostprocessing = 0;
		};
		67F814A528F39685000DC499 /* Frameworks */ = {
			isa = PBXFrameworksBuildPhase;
			buildActionMask = 2147483647;
			files = (
				39A1376CCB6B5CDD6861533B /* Pods_EasyRent_EasyRentUITests.framework in Frameworks */,
			);
			runOnlyForDeploymentPostprocessing = 0;
		};
/* End PBXFrameworksBuildPhase section */

/* Begin PBXGroup section */
		675B3ADA2909FDA70021ADB0 /* Libraries */ = {
			isa = PBXGroup;
			children = (
				675B3ADB2909FDB50021ADB0 /* IQKeyboardManagerSwift */,
			);
			path = Libraries;
			sourceTree = "<group>";
		};
		675B3ADB2909FDB50021ADB0 /* IQKeyboardManagerSwift */ = {
			isa = PBXGroup;
			children = (
				675B3ADC2909FDB50021ADB0 /* IQTextView */,
				675B3ADE2909FDB50021ADB0 /* IQKeyboardManager+Internal.swift */,
				675B3ADF2909FDB50021ADB0 /* IQToolbar */,
				675B3AE62909FDB50021ADB0 /* IQKeyboardManager+UIKeyboardNotification.swift */,
				675B3AE72909FDB50021ADB0 /* Constants */,
				675B3AEA2909FDB50021ADB0 /* IQKeyboardManager+Position.swift */,
				675B3AEB2909FDB50021ADB0 /* IQKeyboardReturnKeyHandler.swift */,
				675B3AEC2909FDB50021ADB0 /* IQKeyboardManager.swift */,
				675B3AED2909FDB50021ADB0 /* IQKeyboardManager+Debug.swift */,
				675B3AEE2909FDB50021ADB0 /* IQKeyboardManager+OrientationNotification.swift */,
				675B3AEF2909FDB50021ADB0 /* IQKeyboardManager+Toolbar.swift */,
				675B3AF02909FDB50021ADB0 /* IQKeyboardManagerSwift.h */,
				675B3AF12909FDB50021ADB0 /* Categories */,
				675B3AF72909FDB50021ADB0 /* IQKeyboardManager+UITextFieldViewNotification.swift */,
			);
			path = IQKeyboardManagerSwift;
			sourceTree = "<group>";
		};
		675B3ADC2909FDB50021ADB0 /* IQTextView */ = {
			isa = PBXGroup;
			children = (
				675B3ADD2909FDB50021ADB0 /* IQTextView.swift */,
			);
			path = IQTextView;
			sourceTree = "<group>";
		};
		675B3ADF2909FDB50021ADB0 /* IQToolbar */ = {
			isa = PBXGroup;
			children = (
				675B3AE02909FDB50021ADB0 /* IQPreviousNextView.swift */,
				675B3AE12909FDB50021ADB0 /* IQTitleBarButtonItem.swift */,
				675B3AE22909FDB50021ADB0 /* IQBarButtonItem.swift */,
				675B3AE32909FDB50021ADB0 /* IQToolbar.swift */,
				675B3AE42909FDB50021ADB0 /* IQUIView+IQKeyboardToolbar.swift */,
				675B3AE52909FDB50021ADB0 /* IQInvocation.swift */,
			);
			path = IQToolbar;
			sourceTree = "<group>";
		};
		675B3AE72909FDB50021ADB0 /* Constants */ = {
			isa = PBXGroup;
			children = (
				675B3AE82909FDB50021ADB0 /* IQKeyboardManagerConstantsInternal.swift */,
				675B3AE92909FDB50021ADB0 /* IQKeyboardManagerConstants.swift */,
			);
			path = Constants;
			sourceTree = "<group>";
		};
		675B3AF12909FDB50021ADB0 /* Categories */ = {
			isa = PBXGroup;
			children = (
				675B3AF22909FDB50021ADB0 /* IQUIScrollView+Additions.swift */,
				675B3AF32909FDB50021ADB0 /* IQUIViewController+Additions.swift */,
				675B3AF42909FDB50021ADB0 /* IQUITextFieldView+Additions.swift */,
				675B3AF52909FDB50021ADB0 /* IQUIView+Hierarchy.swift */,
				675B3AF62909FDB50021ADB0 /* IQNSArray+Sort.swift */,
			);
			path = Categories;
			sourceTree = "<group>";
		};
		67D8F7FA28F741460021D0C0 /* Fonts */ = {
			isa = PBXGroup;
			children = (
				67D8F80F28F7415B0021D0C0 /* Montserrat-Black.ttf */,
				67D8F80628F7415A0021D0C0 /* Montserrat-BlackItalic.ttf */,
				67D8F80C28F7415B0021D0C0 /* Montserrat-Bold.ttf */,
				67D8F80E28F7415B0021D0C0 /* Montserrat-BoldItalic.ttf */,
				67D8F80528F7415A0021D0C0 /* Montserrat-ExtraBold.ttf */,
				67D8F80A28F7415A0021D0C0 /* Montserrat-ExtraBoldItalic.ttf */,
				67D8F80428F7415A0021D0C0 /* Montserrat-ExtraLight.ttf */,
				67D8F80B28F7415A0021D0C0 /* Montserrat-ExtraLightItalic.ttf */,
				67D8F80728F7415A0021D0C0 /* Montserrat-Italic.ttf */,
				67D8F81028F7415B0021D0C0 /* Montserrat-Light.ttf */,
				67D8F80328F7415A0021D0C0 /* Montserrat-LightItalic.ttf */,
				67D8F80128F7415A0021D0C0 /* Montserrat-Medium.ttf */,
				67D8F80D28F7415B0021D0C0 /* Montserrat-MediumItalic.ttf */,
				67D8F80228F7415A0021D0C0 /* Montserrat-Regular.ttf */,
				67D8F7FF28F7415A0021D0C0 /* Montserrat-SemiBold.ttf */,
				67D8F80028F7415A0021D0C0 /* Montserrat-SemiBoldItalic.ttf */,
				67D8F80828F7415A0021D0C0 /* Montserrat-Thin.ttf */,
				67D8F80928F7415A0021D0C0 /* Montserrat-ThinItalic.ttf */,
				67D8F7FB28F741510021D0C0 /* Montserrat-Italic-VariableFont_wght.ttf */,
				67D8F7FC28F741510021D0C0 /* Montserrat-VariableFont_wght.ttf */,
			);
			path = Fonts;
			sourceTree = "<group>";
		};
		67E60A9D28F5D4C100CB09C6 /* Model */ = {
			isa = PBXGroup;
			children = (
				675B3B0F2909FE000021ADB0 /* UserModel.swift */,
			);
			path = Model;
			sourceTree = "<group>";
		};
		67E60A9E28F5D4C900CB09C6 /* View */ = {
			isa = PBXGroup;
			children = (
				67F8148E28F39682000DC499 /* Main.storyboard */,
				67F8149628F39685000DC499 /* LaunchScreen.storyboard */,
			);
			path = View;
			sourceTree = "<group>";
		};
		67E60A9F28F5D4D000CB09C6 /* Controller */ = {
			isa = PBXGroup;
			children = (
				67D8F7F828F73CC60021D0C0 /* HomeVC.swift */,
				67BE789D28F76D92008EC972 /* SideMenuVC.swift */,
				674BD8882900943700A26502 /* ProfileVC.swift */,
				674BD88A2900DD3300A26502 /* PaymentInfoVC.swift */,
				67D3E6A5291187F50062D4E7 /* RideSearchVC.swift */,
				670BE51A292EB6A900E268ED /* MapVC.swift */,
			);
			path = Controller;
			sourceTree = "<group>";
		};
		67E60AA028F5D4D600CB09C6 /* Helper */ = {
			isa = PBXGroup;
			children = (
				675B3AD82909FD8F0021ADB0 /* FirebaseHandler.swift */,
				675B3AD62909FD640021ADB0 /* Webservices.swift */,
				67D8F82328F743BC0021D0C0 /* Design.swift */,
				67D8F82528F74A940021D0C0 /* Utility.swift */,
				67D8F82728F74B8C0021D0C0 /* Configuration.swift */,
				67D8F82928F758040021D0C0 /* Extension+String.swift */,
				67BE789F28F76E8B008EC972 /* Navigation.swift */,
				67BE78A128F76F90008EC972 /* EasyRentEnums.swift */,
				67A4D7CF290ADDAB00895A8D /* Extension+UIImageView.swift */,
				67FC5667291C2F94005C5F88 /* Extension+Number.swift */,
			);
			path = Helper;
			sourceTree = "<group>";
		};
		67E60AA128F5D4DB00CB09C6 /* Misc */ = {
			isa = PBXGroup;
			children = (
			);
			path = Misc;
			sourceTree = "<group>";
		};
		67E60AA228F5D4DF00CB09C6 /* Supporting */ = {
			isa = PBXGroup;
			children = (
				67F8148828F39682000DC499 /* AppDelegate.swift */,
				67F8148A28F39682000DC499 /* SceneDelegate.swift */,
				67F8149928F39685000DC499 /* Info.plist */,
			);
			path = Supporting;
			sourceTree = "<group>";
		};
		67E60AA328F5D4F700CB09C6 /* Resources */ = {
			isa = PBXGroup;
			children = (
				67D8F7FA28F741460021D0C0 /* Fonts */,
				67F8149428F39685000DC499 /* Assets.xcassets */,
				67F8149128F39682000DC499 /* EasyRent.xcdatamodeld */,
			);
			path = Resources;
			sourceTree = "<group>";
		};
		67F8147C28F39681000DC499 = {
			isa = PBXGroup;
			children = (
				67F8148728F39682000DC499 /* EasyRent */,
				67746438290A02DA007B1A6E /* GoogleService-Info.plist */,
				67F814A128F39685000DC499 /* EasyRentTests */,
				67F814AB28F39685000DC499 /* EasyRentUITests */,
				67F8148628F39682000DC499 /* Products */,
				F7598E4EC02BFE8FC938F2FB /* Pods */,
				8BC175CC74A94A5FB4DBA660 /* Frameworks */,
			);
			sourceTree = "<group>";
		};
		67F8148628F39682000DC499 /* Products */ = {
			isa = PBXGroup;
			children = (
				67F8148528F39682000DC499 /* EasyRent.app */,
				67F8149E28F39685000DC499 /* EasyRentTests.xctest */,
				67F814A828F39685000DC499 /* EasyRentUITests.xctest */,
			);
			name = Products;
			sourceTree = "<group>";
		};
		67F8148728F39682000DC499 /* EasyRent */ = {
			isa = PBXGroup;
			children = (
				675B3ADA2909FDA70021ADB0 /* Libraries */,
				67E60AA328F5D4F700CB09C6 /* Resources */,
				67E60AA228F5D4DF00CB09C6 /* Supporting */,
				67E60AA128F5D4DB00CB09C6 /* Misc */,
				67E60AA028F5D4D600CB09C6 /* Helper */,
				67E60A9D28F5D4C100CB09C6 /* Model */,
				67E60A9E28F5D4C900CB09C6 /* View */,
				67E60A9F28F5D4D000CB09C6 /* Controller */,
				67F8148C28F39682000DC499 /* ViewController.swift */,
			);
			path = EasyRent;
			sourceTree = "<group>";
		};
		67F814A128F39685000DC499 /* EasyRentTests */ = {
			isa = PBXGroup;
			children = (
				67F814A228F39685000DC499 /* EasyRentTests.swift */,
			);
			path = EasyRentTests;
			sourceTree = "<group>";
		};
		67F814AB28F39685000DC499 /* EasyRentUITests */ = {
			isa = PBXGroup;
			children = (
				67F814AC28F39685000DC499 /* EasyRentUITests.swift */,
				67F814AE28F39685000DC499 /* EasyRentUITestsLaunchTests.swift */,
			);
			path = EasyRentUITests;
			sourceTree = "<group>";
		};
		8BC175CC74A94A5FB4DBA660 /* Frameworks */ = {
			isa = PBXGroup;
			children = (
				DE85CA53FE8948557E57C51B /* Pods_EasyRent.framework */,
				91B5397CEB2ACC62A8C08475 /* Pods_EasyRent_EasyRentUITests.framework */,
				B6EBBE1A116A83E42AFF0EAF /* Pods_EasyRentTests.framework */,
			);
			name = Frameworks;
			sourceTree = "<group>";
		};
		F7598E4EC02BFE8FC938F2FB /* Pods */ = {
			isa = PBXGroup;
			children = (
				938C9F6836F14F0152850D75 /* Pods-EasyRent.debug.xcconfig */,
				C9978D4B0DB8B4D698736CF3 /* Pods-EasyRent.release.xcconfig */,
				67891F51FAD54A2B47C3A90A /* Pods-EasyRent-EasyRentUITests.debug.xcconfig */,
				9E6C476F40D5997A0BF5F869 /* Pods-EasyRent-EasyRentUITests.release.xcconfig */,
				FF13CF93A985646B8E763A33 /* Pods-EasyRentTests.debug.xcconfig */,
				DD0D4690CC4754E7D266D527 /* Pods-EasyRentTests.release.xcconfig */,
			);
			path = Pods;
			sourceTree = "<group>";
		};
/* End PBXGroup section */

/* Begin PBXNativeTarget section */
		67F8148428F39681000DC499 /* EasyRent */ = {
			isa = PBXNativeTarget;
			buildConfigurationList = 67F814B228F39685000DC499 /* Build configuration list for PBXNativeTarget "EasyRent" */;
			buildPhases = (
				A769237011297D22A233879B /* [CP] Check Pods Manifest.lock */,
				67F8148128F39681000DC499 /* Sources */,
				67F8148228F39681000DC499 /* Frameworks */,
				67F8148328F39681000DC499 /* Resources */,
				8B5F00E90C41E9C9FA75E6F7 /* [CP] Copy Pods Resources */,
			);
			buildRules = (
			);
			dependencies = (
			);
			name = EasyRent;
			packageProductDependencies = (
				6715007529017AD7005014C9 /* SideMenu */,
				675B3AB92909FC690021ADB0 /* FirebaseAnalytics */,
				675B3ABB2909FC690021ADB0 /* FirebaseAnalyticsSwift */,
				675B3ABD2909FC690021ADB0 /* FirebaseAppCheck */,
				675B3ABF2909FC690021ADB0 /* FirebaseAuth */,
				675B3AC12909FC690021ADB0 /* FirebaseCrashlytics */,
				675B3AC32909FC690021ADB0 /* FirebaseDatabase */,
				675B3AC52909FC690021ADB0 /* FirebaseDatabaseSwift */,
				675B3AC72909FC690021ADB0 /* FirebaseDynamicLinks */,
				675B3AC92909FC690021ADB0 /* FirebaseFirestore */,
				675B3ACB2909FC690021ADB0 /* FirebaseFirestoreCombine-Community */,
				675B3ACD2909FC690021ADB0 /* FirebaseFirestoreSwift */,
				675B3ACF2909FC690021ADB0 /* FirebaseMessaging */,
				675B3AD12909FC690021ADB0 /* FirebaseStorage */,
				675B3AD42909FC950021ADB0 /* Alamofire */,
				67A4D7CD290ADD7800895A8D /* SDWebImage */,
			);
			productName = EasyRent;
			productReference = 67F8148528F39682000DC499 /* EasyRent.app */;
			productType = "com.apple.product-type.application";
		};
		67F8149D28F39685000DC499 /* EasyRentTests */ = {
			isa = PBXNativeTarget;
			buildConfigurationList = 67F814B528F39685000DC499 /* Build configuration list for PBXNativeTarget "EasyRentTests" */;
			buildPhases = (
				ABB43AFF7147F7785CF8DF59 /* [CP] Check Pods Manifest.lock */,
				67F8149A28F39685000DC499 /* Sources */,
				67F8149B28F39685000DC499 /* Frameworks */,
				67F8149C28F39685000DC499 /* Resources */,
			);
			buildRules = (
			);
			dependencies = (
				67F814A028F39685000DC499 /* PBXTargetDependency */,
			);
			name = EasyRentTests;
			productName = EasyRentTests;
			productReference = 67F8149E28F39685000DC499 /* EasyRentTests.xctest */;
			productType = "com.apple.product-type.bundle.unit-test";
		};
		67F814A728F39685000DC499 /* EasyRentUITests */ = {
			isa = PBXNativeTarget;
			buildConfigurationList = 67F814B828F39685000DC499 /* Build configuration list for PBXNativeTarget "EasyRentUITests" */;
			buildPhases = (
				32020A1B4FD983DC852537E9 /* [CP] Check Pods Manifest.lock */,
				67F814A428F39685000DC499 /* Sources */,
				67F814A528F39685000DC499 /* Frameworks */,
				67F814A628F39685000DC499 /* Resources */,
				7C1AD5F0B7043CB24EE8A1BD /* [CP] Copy Pods Resources */,
			);
			buildRules = (
			);
			dependencies = (
				67F814AA28F39685000DC499 /* PBXTargetDependency */,
			);
			name = EasyRentUITests;
			productName = EasyRentUITests;
			productReference = 67F814A828F39685000DC499 /* EasyRentUITests.xctest */;
			productType = "com.apple.product-type.bundle.ui-testing";
		};
/* End PBXNativeTarget section */

/* Begin PBXProject section */
		67F8147D28F39681000DC499 /* Project object */ = {
			isa = PBXProject;
			attributes = {
				BuildIndependentTargetsInParallel = 1;
				LastSwiftUpdateCheck = 1320;
				LastUpgradeCheck = 1320;
				TargetAttributes = {
					67F8148428F39681000DC499 = {
						CreatedOnToolsVersion = 13.2.1;
					};
					67F8149D28F39685000DC499 = {
						CreatedOnToolsVersion = 13.2.1;
						TestTargetID = 67F8148428F39681000DC499;
					};
					67F814A728F39685000DC499 = {
						CreatedOnToolsVersion = 13.2.1;
						TestTargetID = 67F8148428F39681000DC499;
					};
				};
			};
			buildConfigurationList = 67F8148028F39681000DC499 /* Build configuration list for PBXProject "EasyRent" */;
			compatibilityVersion = "Xcode 13.0";
			developmentRegion = en;
			hasScannedForEncodings = 0;
			knownRegions = (
				en,
				Base,
			);
			mainGroup = 67F8147C28F39681000DC499;
			packageReferences = (
				6715007429017AD7005014C9 /* XCRemoteSwiftPackageReference "SideMenu" */,
				675B3AB82909FC690021ADB0 /* XCRemoteSwiftPackageReference "firebase-ios-sdk" */,
				675B3AD32909FC950021ADB0 /* XCRemoteSwiftPackageReference "Alamofire" */,
				67A4D7CC290ADD7800895A8D /* XCRemoteSwiftPackageReference "SDWebImage" */,
			);
			productRefGroup = 67F8148628F39682000DC499 /* Products */;
			projectDirPath = "";
			projectRoot = "";
			targets = (
				67F8148428F39681000DC499 /* EasyRent */,
				67F8149D28F39685000DC499 /* EasyRentTests */,
				67F814A728F39685000DC499 /* EasyRentUITests */,
			);
		};
/* End PBXProject section */

/* Begin PBXResourcesBuildPhase section */
		67F8148328F39681000DC499 /* Resources */ = {
			isa = PBXResourcesBuildPhase;
			buildActionMask = 2147483647;
			files = (
				67D8F81428F7415B0021D0C0 /* Montserrat-Regular.ttf in Resources */,
				67D8F81728F7415B0021D0C0 /* Montserrat-ExtraBold.ttf in Resources */,
				67D8F81228F7415B0021D0C0 /* Montserrat-SemiBoldItalic.ttf in Resources */,
				67D8F81128F7415B0021D0C0 /* Montserrat-SemiBold.ttf in Resources */,
				67D8F7FD28F741510021D0C0 /* Montserrat-Italic-VariableFont_wght.ttf in Resources */,
				67F8149828F39685000DC499 /* LaunchScreen.storyboard in Resources */,
				67F8149528F39685000DC499 /* Assets.xcassets in Resources */,
				67D8F82128F7415B0021D0C0 /* Montserrat-Black.ttf in Resources */,
				67D8F81628F7415B0021D0C0 /* Montserrat-ExtraLight.ttf in Resources */,
				67F8149028F39682000DC499 /* Main.storyboard in Resources */,
				67D8F82228F7415B0021D0C0 /* Montserrat-Light.ttf in Resources */,
				67D8F81828F7415B0021D0C0 /* Montserrat-BlackItalic.ttf in Resources */,
				67D8F81F28F7415B0021D0C0 /* Montserrat-MediumItalic.ttf in Resources */,
				67D8F81B28F7415B0021D0C0 /* Montserrat-ThinItalic.ttf in Resources */,
				67D8F81A28F7415B0021D0C0 /* Montserrat-Thin.ttf in Resources */,
				67D8F81C28F7415B0021D0C0 /* Montserrat-ExtraBoldItalic.ttf in Resources */,
				67D8F81E28F7415B0021D0C0 /* Montserrat-Bold.ttf in Resources */,
				67746439290A02DA007B1A6E /* GoogleService-Info.plist in Resources */,
				67D8F82028F7415B0021D0C0 /* Montserrat-BoldItalic.ttf in Resources */,
				67D8F81328F7415B0021D0C0 /* Montserrat-Medium.ttf in Resources */,
				67D8F81528F7415B0021D0C0 /* Montserrat-LightItalic.ttf in Resources */,
				67D8F7FE28F741510021D0C0 /* Montserrat-VariableFont_wght.ttf in Resources */,
				67D8F81928F7415B0021D0C0 /* Montserrat-Italic.ttf in Resources */,
				67D8F81D28F7415B0021D0C0 /* Montserrat-ExtraLightItalic.ttf in Resources */,
			);
			runOnlyForDeploymentPostprocessing = 0;
		};
		67F8149C28F39685000DC499 /* Resources */ = {
			isa = PBXResourcesBuildPhase;
			buildActionMask = 2147483647;
			files = (
			);
			runOnlyForDeploymentPostprocessing = 0;
		};
		67F814A628F39685000DC499 /* Resources */ = {
			isa = PBXResourcesBuildPhase;
			buildActionMask = 2147483647;
			files = (
			);
			runOnlyForDeploymentPostprocessing = 0;
		};
/* End PBXResourcesBuildPhase section */

/* Begin PBXShellScriptBuildPhase section */
		32020A1B4FD983DC852537E9 /* [CP] Check Pods Manifest.lock */ = {
			isa = PBXShellScriptBuildPhase;
			buildActionMask = 2147483647;
			files = (
			);
			inputFileListPaths = (
			);
			inputPaths = (
				"${PODS_PODFILE_DIR_PATH}/Podfile.lock",
				"${PODS_ROOT}/Manifest.lock",
			);
			name = "[CP] Check Pods Manifest.lock";
			outputFileListPaths = (
			);
			outputPaths = (
				"$(DERIVED_FILE_DIR)/Pods-EasyRent-EasyRentUITests-checkManifestLockResult.txt",
			);
			runOnlyForDeploymentPostprocessing = 0;
			shellPath = /bin/sh;
			shellScript = "diff \"${PODS_PODFILE_DIR_PATH}/Podfile.lock\" \"${PODS_ROOT}/Manifest.lock\" > /dev/null\nif [ $? != 0 ] ; then\n    # print error to STDERR\n    echo \"error: The sandbox is not in sync with the Podfile.lock. Run 'pod install' or update your CocoaPods installation.\" >&2\n    exit 1\nfi\n# This output is used by Xcode 'outputs' to avoid re-running this script phase.\necho \"SUCCESS\" > \"${SCRIPT_OUTPUT_FILE_0}\"\n";
			showEnvVarsInLog = 0;
		};
		7C1AD5F0B7043CB24EE8A1BD /* [CP] Copy Pods Resources */ = {
			isa = PBXShellScriptBuildPhase;
			buildActionMask = 2147483647;
			files = (
			);
			inputFileListPaths = (
				"${PODS_ROOT}/Target Support Files/Pods-EasyRent-EasyRentUITests/Pods-EasyRent-EasyRentUITests-resources-${CONFIGURATION}-input-files.xcfilelist",
			);
			name = "[CP] Copy Pods Resources";
			outputFileListPaths = (
				"${PODS_ROOT}/Target Support Files/Pods-EasyRent-EasyRentUITests/Pods-EasyRent-EasyRentUITests-resources-${CONFIGURATION}-output-files.xcfilelist",
			);
			runOnlyForDeploymentPostprocessing = 0;
			shellPath = /bin/sh;
			shellScript = "\"${PODS_ROOT}/Target Support Files/Pods-EasyRent-EasyRentUITests/Pods-EasyRent-EasyRentUITests-resources.sh\"\n";
			showEnvVarsInLog = 0;
		};
		8B5F00E90C41E9C9FA75E6F7 /* [CP] Copy Pods Resources */ = {
			isa = PBXShellScriptBuildPhase;
			buildActionMask = 2147483647;
			files = (
			);
			inputFileListPaths = (
				"${PODS_ROOT}/Target Support Files/Pods-EasyRent/Pods-EasyRent-resources-${CONFIGURATION}-input-files.xcfilelist",
			);
			name = "[CP] Copy Pods Resources";
			outputFileListPaths = (
				"${PODS_ROOT}/Target Support Files/Pods-EasyRent/Pods-EasyRent-resources-${CONFIGURATION}-output-files.xcfilelist",
			);
			runOnlyForDeploymentPostprocessing = 0;
			shellPath = /bin/sh;
			shellScript = "\"${PODS_ROOT}/Target Support Files/Pods-EasyRent/Pods-EasyRent-resources.sh\"\n";
			showEnvVarsInLog = 0;
		};
		A769237011297D22A233879B /* [CP] Check Pods Manifest.lock */ = {
			isa = PBXShellScriptBuildPhase;
			buildActionMask = 2147483647;
			files = (
			);
			inputFileListPaths = (
			);
			inputPaths = (
				"${PODS_PODFILE_DIR_PATH}/Podfile.lock",
				"${PODS_ROOT}/Manifest.lock",
			);
			name = "[CP] Check Pods Manifest.lock";
			outputFileListPaths = (
			);
			outputPaths = (
				"$(DERIVED_FILE_DIR)/Pods-EasyRent-checkManifestLockResult.txt",
			);
			runOnlyForDeploymentPostprocessing = 0;
			shellPath = /bin/sh;
			shellScript = "diff \"${PODS_PODFILE_DIR_PATH}/Podfile.lock\" \"${PODS_ROOT}/Manifest.lock\" > /dev/null\nif [ $? != 0 ] ; then\n    # print error to STDERR\n    echo \"error: The sandbox is not in sync with the Podfile.lock. Run 'pod install' or update your CocoaPods installation.\" >&2\n    exit 1\nfi\n# This output is used by Xcode 'outputs' to avoid re-running this script phase.\necho \"SUCCESS\" > \"${SCRIPT_OUTPUT_FILE_0}\"\n";
			showEnvVarsInLog = 0;
		};
		ABB43AFF7147F7785CF8DF59 /* [CP] Check Pods Manifest.lock */ = {
			isa = PBXShellScriptBuildPhase;
			buildActionMask = 2147483647;
			files = (
			);
			inputFileListPaths = (
			);
			inputPaths = (
				"${PODS_PODFILE_DIR_PATH}/Podfile.lock",
				"${PODS_ROOT}/Manifest.lock",
			);
			name = "[CP] Check Pods Manifest.lock";
			outputFileListPaths = (
			);
			outputPaths = (
				"$(DERIVED_FILE_DIR)/Pods-EasyRentTests-checkManifestLockResult.txt",
			);
			runOnlyForDeploymentPostprocessing = 0;
			shellPath = /bin/sh;
			shellScript = "diff \"${PODS_PODFILE_DIR_PATH}/Podfile.lock\" \"${PODS_ROOT}/Manifest.lock\" > /dev/null\nif [ $? != 0 ] ; then\n    # print error to STDERR\n    echo \"error: The sandbox is not in sync with the Podfile.lock. Run 'pod install' or update your CocoaPods installation.\" >&2\n    exit 1\nfi\n# This output is used by Xcode 'outputs' to avoid re-running this script phase.\necho \"SUCCESS\" > \"${SCRIPT_OUTPUT_FILE_0}\"\n";
			showEnvVarsInLog = 0;
		};
/* End PBXShellScriptBuildPhase section */

/* Begin PBXSourcesBuildPhase section */
		67F8148128F39681000DC499 /* Sources */ = {
			isa = PBXSourcesBuildPhase;
			buildActionMask = 2147483647;
			files = (
				675B3B0D2909FDB60021ADB0 /* IQNSArray+Sort.swift in Sources */,
				675B3B062909FDB60021ADB0 /* IQKeyboardManager+Debug.swift in Sources */,
				675B3AD72909FD640021ADB0 /* Webservices.swift in Sources */,
				675B3B022909FDB60021ADB0 /* IQKeyboardManagerConstants.swift in Sources */,
				67D8F82628F74A940021D0C0 /* Utility.swift in Sources */,
				670BE51B292EB6A900E268ED /* MapVC.swift in Sources */,
				675B3AF82909FDB60021ADB0 /* IQTextView.swift in Sources */,
				675B3B042909FDB60021ADB0 /* IQKeyboardReturnKeyHandler.swift in Sources */,
				675B3AFA2909FDB60021ADB0 /* IQPreviousNextView.swift in Sources */,
				67FC5668291C2F94005C5F88 /* Extension+Number.swift in Sources */,
				675B3B052909FDB60021ADB0 /* IQKeyboardManager.swift in Sources */,
				67F8149328F39682000DC499 /* EasyRent.xcdatamodeld in Sources */,
				67D8F7F928F73CC60021D0C0 /* HomeVC.swift in Sources */,
				67BE78A028F76E8B008EC972 /* Navigation.swift in Sources */,
				675B3B0C2909FDB60021ADB0 /* IQUIView+Hierarchy.swift in Sources */,
				67F8148D28F39682000DC499 /* ViewController.swift in Sources */,
				67BE78A228F76F90008EC972 /* EasyRentEnums.swift in Sources */,
				675B3B032909FDB60021ADB0 /* IQKeyboardManager+Position.swift in Sources */,
				675B3B0B2909FDB60021ADB0 /* IQUITextFieldView+Additions.swift in Sources */,
				675B3B072909FDB60021ADB0 /* IQKeyboardManager+OrientationNotification.swift in Sources */,
				675B3B102909FE000021ADB0 /* UserModel.swift in Sources */,
				675B3AFF2909FDB60021ADB0 /* IQInvocation.swift in Sources */,
				67D3E6A6291187F50062D4E7 /* RideSearchVC.swift in Sources */,
				675B3AFC2909FDB60021ADB0 /* IQBarButtonItem.swift in Sources */,
				675B3B0A2909FDB60021ADB0 /* IQUIViewController+Additions.swift in Sources */,
				675B3B012909FDB60021ADB0 /* IQKeyboardManagerConstantsInternal.swift in Sources */,
				675B3AFB2909FDB60021ADB0 /* IQTitleBarButtonItem.swift in Sources */,
				675B3B082909FDB60021ADB0 /* IQKeyboardManager+Toolbar.swift in Sources */,
				675B3AFE2909FDB60021ADB0 /* IQUIView+IQKeyboardToolbar.swift in Sources */,
				67A4D7D0290ADDAB00895A8D /* Extension+UIImageView.swift in Sources */,
				675B3B002909FDB60021ADB0 /* IQKeyboardManager+UIKeyboardNotification.swift in Sources */,
				67BE789E28F76D92008EC972 /* SideMenuVC.swift in Sources */,
				675B3B0E2909FDB60021ADB0 /* IQKeyboardManager+UITextFieldViewNotification.swift in Sources */,
				67D8F82428F743BC0021D0C0 /* Design.swift in Sources */,
				674BD8892900943700A26502 /* ProfileVC.swift in Sources */,
				675B3B092909FDB60021ADB0 /* IQUIScrollView+Additions.swift in Sources */,
				67D8F82A28F758040021D0C0 /* Extension+String.swift in Sources */,
				67F8148928F39682000DC499 /* AppDelegate.swift in Sources */,
				674BD88B2900DD3300A26502 /* PaymentInfoVC.swift in Sources */,
				675B3AFD2909FDB60021ADB0 /* IQToolbar.swift in Sources */,
				67D8F82828F74B8C0021D0C0 /* Configuration.swift in Sources */,
				67F8148B28F39682000DC499 /* SceneDelegate.swift in Sources */,
				675B3AF92909FDB60021ADB0 /* IQKeyboardManager+Internal.swift in Sources */,
				675B3AD92909FD8F0021ADB0 /* FirebaseHandler.swift in Sources */,
			);
			runOnlyForDeploymentPostprocessing = 0;
		};
		67F8149A28F39685000DC499 /* Sources */ = {
			isa = PBXSourcesBuildPhase;
			buildActionMask = 2147483647;
			files = (
				67F814A328F39685000DC499 /* EasyRentTests.swift in Sources */,
			);
			runOnlyForDeploymentPostprocessing = 0;
		};
		67F814A428F39685000DC499 /* Sources */ = {
			isa = PBXSourcesBuildPhase;
			buildActionMask = 2147483647;
			files = (
				67F814AF28F39685000DC499 /* EasyRentUITestsLaunchTests.swift in Sources */,
				67F814AD28F39685000DC499 /* EasyRentUITests.swift in Sources */,
			);
			runOnlyForDeploymentPostprocessing = 0;
		};
/* End PBXSourcesBuildPhase section */

/* Begin PBXTargetDependency section */
		67F814A028F39685000DC499 /* PBXTargetDependency */ = {
			isa = PBXTargetDependency;
			target = 67F8148428F39681000DC499 /* EasyRent */;
			targetProxy = 67F8149F28F39685000DC499 /* PBXContainerItemProxy */;
		};
		67F814AA28F39685000DC499 /* PBXTargetDependency */ = {
			isa = PBXTargetDependency;
			target = 67F8148428F39681000DC499 /* EasyRent */;
			targetProxy = 67F814A928F39685000DC499 /* PBXContainerItemProxy */;
		};
/* End PBXTargetDependency section */

/* Begin PBXVariantGroup section */
		67F8148E28F39682000DC499 /* Main.storyboard */ = {
			isa = PBXVariantGroup;
			children = (
				67F8148F28F39682000DC499 /* Base */,
			);
			name = Main.storyboard;
			sourceTree = "<group>";
		};
		67F8149628F39685000DC499 /* LaunchScreen.storyboard */ = {
			isa = PBXVariantGroup;
			children = (
				67F8149728F39685000DC499 /* Base */,
			);
			name = LaunchScreen.storyboard;
			sourceTree = "<group>";
		};
/* End PBXVariantGroup section */

/* Begin XCBuildConfiguration section */
		67F814B028F39685000DC499 /* Debug */ = {
			isa = XCBuildConfiguration;
			buildSettings = {
				ALWAYS_SEARCH_USER_PATHS = NO;
				CLANG_ANALYZER_NONNULL = YES;
				CLANG_ANALYZER_NUMBER_OBJECT_CONVERSION = YES_AGGRESSIVE;
				CLANG_CXX_LANGUAGE_STANDARD = "gnu++17";
				CLANG_CXX_LIBRARY = "libc++";
				CLANG_ENABLE_MODULES = YES;
				CLANG_ENABLE_OBJC_ARC = YES;
				CLANG_ENABLE_OBJC_WEAK = YES;
				CLANG_WARN_BLOCK_CAPTURE_AUTORELEASING = YES;
				CLANG_WARN_BOOL_CONVERSION = YES;
				CLANG_WARN_COMMA = YES;
				CLANG_WARN_CONSTANT_CONVERSION = YES;
				CLANG_WARN_DEPRECATED_OBJC_IMPLEMENTATIONS = YES;
				CLANG_WARN_DIRECT_OBJC_ISA_USAGE = YES_ERROR;
				CLANG_WARN_DOCUMENTATION_COMMENTS = YES;
				CLANG_WARN_EMPTY_BODY = YES;
				CLANG_WARN_ENUM_CONVERSION = YES;
				CLANG_WARN_INFINITE_RECURSION = YES;
				CLANG_WARN_INT_CONVERSION = YES;
				CLANG_WARN_NON_LITERAL_NULL_CONVERSION = YES;
				CLANG_WARN_OBJC_IMPLICIT_RETAIN_SELF = YES;
				CLANG_WARN_OBJC_LITERAL_CONVERSION = YES;
				CLANG_WARN_OBJC_ROOT_CLASS = YES_ERROR;
				CLANG_WARN_QUOTED_INCLUDE_IN_FRAMEWORK_HEADER = YES;
				CLANG_WARN_RANGE_LOOP_ANALYSIS = YES;
				CLANG_WARN_STRICT_PROTOTYPES = YES;
				CLANG_WARN_SUSPICIOUS_MOVE = YES;
				CLANG_WARN_UNGUARDED_AVAILABILITY = YES_AGGRESSIVE;
				CLANG_WARN_UNREACHABLE_CODE = YES;
				CLANG_WARN__DUPLICATE_METHOD_MATCH = YES;
				COPY_PHASE_STRIP = NO;
				DEBUG_INFORMATION_FORMAT = dwarf;
				ENABLE_STRICT_OBJC_MSGSEND = YES;
				ENABLE_TESTABILITY = YES;
				GCC_C_LANGUAGE_STANDARD = gnu11;
				GCC_DYNAMIC_NO_PIC = NO;
				GCC_NO_COMMON_BLOCKS = YES;
				GCC_OPTIMIZATION_LEVEL = 0;
				GCC_PREPROCESSOR_DEFINITIONS = (
					"DEBUG=1",
					"$(inherited)",
				);
				GCC_WARN_64_TO_32_BIT_CONVERSION = YES;
				GCC_WARN_ABOUT_RETURN_TYPE = YES_ERROR;
				GCC_WARN_UNDECLARED_SELECTOR = YES;
				GCC_WARN_UNINITIALIZED_AUTOS = YES_AGGRESSIVE;
				GCC_WARN_UNUSED_FUNCTION = YES;
				GCC_WARN_UNUSED_VARIABLE = YES;
				IPHONEOS_DEPLOYMENT_TARGET = 15.2;
				MTL_ENABLE_DEBUG_INFO = INCLUDE_SOURCE;
				MTL_FAST_MATH = YES;
				ONLY_ACTIVE_ARCH = YES;
				SDKROOT = iphoneos;
				SWIFT_ACTIVE_COMPILATION_CONDITIONS = DEBUG;
				SWIFT_OPTIMIZATION_LEVEL = "-Onone";
			};
			name = Debug;
		};
		67F814B128F39685000DC499 /* Release */ = {
			isa = XCBuildConfiguration;
			buildSettings = {
				ALWAYS_SEARCH_USER_PATHS = NO;
				CLANG_ANALYZER_NONNULL = YES;
				CLANG_ANALYZER_NUMBER_OBJECT_CONVERSION = YES_AGGRESSIVE;
				CLANG_CXX_LANGUAGE_STANDARD = "gnu++17";
				CLANG_CXX_LIBRARY = "libc++";
				CLANG_ENABLE_MODULES = YES;
				CLANG_ENABLE_OBJC_ARC = YES;
				CLANG_ENABLE_OBJC_WEAK = YES;
				CLANG_WARN_BLOCK_CAPTURE_AUTORELEASING = YES;
				CLANG_WARN_BOOL_CONVERSION = YES;
				CLANG_WARN_COMMA = YES;
				CLANG_WARN_CONSTANT_CONVERSION = YES;
				CLANG_WARN_DEPRECATED_OBJC_IMPLEMENTATIONS = YES;
				CLANG_WARN_DIRECT_OBJC_ISA_USAGE = YES_ERROR;
				CLANG_WARN_DOCUMENTATION_COMMENTS = YES;
				CLANG_WARN_EMPTY_BODY = YES;
				CLANG_WARN_ENUM_CONVERSION = YES;
				CLANG_WARN_INFINITE_RECURSION = YES;
				CLANG_WARN_INT_CONVERSION = YES;
				CLANG_WARN_NON_LITERAL_NULL_CONVERSION = YES;
				CLANG_WARN_OBJC_IMPLICIT_RETAIN_SELF = YES;
				CLANG_WARN_OBJC_LITERAL_CONVERSION = YES;
				CLANG_WARN_OBJC_ROOT_CLASS = YES_ERROR;
				CLANG_WARN_QUOTED_INCLUDE_IN_FRAMEWORK_HEADER = YES;
				CLANG_WARN_RANGE_LOOP_ANALYSIS = YES;
				CLANG_WARN_STRICT_PROTOTYPES = YES;
				CLANG_WARN_SUSPICIOUS_MOVE = YES;
				CLANG_WARN_UNGUARDED_AVAILABILITY = YES_AGGRESSIVE;
				CLANG_WARN_UNREACHABLE_CODE = YES;
				CLANG_WARN__DUPLICATE_METHOD_MATCH = YES;
				COPY_PHASE_STRIP = NO;
				DEBUG_INFORMATION_FORMAT = "dwarf-with-dsym";
				ENABLE_NS_ASSERTIONS = NO;
				ENABLE_STRICT_OBJC_MSGSEND = YES;
				GCC_C_LANGUAGE_STANDARD = gnu11;
				GCC_NO_COMMON_BLOCKS = YES;
				GCC_WARN_64_TO_32_BIT_CONVERSION = YES;
				GCC_WARN_ABOUT_RETURN_TYPE = YES_ERROR;
				GCC_WARN_UNDECLARED_SELECTOR = YES;
				GCC_WARN_UNINITIALIZED_AUTOS = YES_AGGRESSIVE;
				GCC_WARN_UNUSED_FUNCTION = YES;
				GCC_WARN_UNUSED_VARIABLE = YES;
				IPHONEOS_DEPLOYMENT_TARGET = 15.2;
				MTL_ENABLE_DEBUG_INFO = NO;
				MTL_FAST_MATH = YES;
				SDKROOT = iphoneos;
				SWIFT_COMPILATION_MODE = wholemodule;
				SWIFT_OPTIMIZATION_LEVEL = "-O";
				VALIDATE_PRODUCT = YES;
			};
			name = Release;
		};
		67F814B328F39685000DC499 /* Debug */ = {
			isa = XCBuildConfiguration;
			baseConfigurationReference = 938C9F6836F14F0152850D75 /* Pods-EasyRent.debug.xcconfig */;
			buildSettings = {
				ASSETCATALOG_COMPILER_APPICON_NAME = AppIcon;
				ASSETCATALOG_COMPILER_GLOBAL_ACCENT_COLOR_NAME = AccentColor;
				CODE_SIGN_STYLE = Automatic;
				CURRENT_PROJECT_VERSION = 1;
				DEVELOPMENT_TEAM = QKY94XTH76;
				GENERATE_INFOPLIST_FILE = YES;
				INFOPLIST_FILE = EasyRent/Supporting/Info.plist;
				INFOPLIST_KEY_NSCameraUsageDescription = "Allowing permission to take photos you can add a profile picture";
				INFOPLIST_KEY_NSLocationWhenInUseUsageDescription = "Used to get your location so we can get you an affordable ride";
				INFOPLIST_KEY_UIApplicationSupportsIndirectInputEvents = YES;
				INFOPLIST_KEY_UILaunchStoryboardName = LaunchScreen.storyboard;
				INFOPLIST_KEY_UIMainStoryboardFile = Main;
				INFOPLIST_KEY_UISupportedInterfaceOrientations = UIInterfaceOrientationPortrait;
				INFOPLIST_KEY_UISupportedInterfaceOrientations_iPad = "UIInterfaceOrientationLandscapeLeft UIInterfaceOrientationLandscapeRight UIInterfaceOrientationPortrait";
				IPHONEOS_DEPLOYMENT_TARGET = 13.0;
				LD_RUNPATH_SEARCH_PATHS = (
					"$(inherited)",
					"@executable_path/Frameworks",
				);
				MARKETING_VERSION = 1.0;
				PRODUCT_BUNDLE_IDENTIFIER = com.ihitesh.EasyRent;
				PRODUCT_NAME = "$(TARGET_NAME)";
				SWIFT_EMIT_LOC_STRINGS = YES;
				SWIFT_VERSION = 5.0;
				TARGETED_DEVICE_FAMILY = "1,2";
			};
			name = Debug;
		};
		67F814B428F39685000DC499 /* Release */ = {
			isa = XCBuildConfiguration;
			baseConfigurationReference = C9978D4B0DB8B4D698736CF3 /* Pods-EasyRent.release.xcconfig */;
			buildSettings = {
				ASSETCATALOG_COMPILER_APPICON_NAME = AppIcon;
				ASSETCATALOG_COMPILER_GLOBAL_ACCENT_COLOR_NAME = AccentColor;
				CODE_SIGN_STYLE = Automatic;
				CURRENT_PROJECT_VERSION = 1;
				DEVELOPMENT_TEAM = QKY94XTH76;
				GENERATE_INFOPLIST_FILE = YES;
				INFOPLIST_FILE = EasyRent/Supporting/Info.plist;
				INFOPLIST_KEY_NSCameraUsageDescription = "Allowing permission to take photos you can add a profile picture";
				INFOPLIST_KEY_NSLocationWhenInUseUsageDescription = "Used to get your location so we can get you an affordable ride";
				INFOPLIST_KEY_UIApplicationSupportsIndirectInputEvents = YES;
				INFOPLIST_KEY_UILaunchStoryboardName = LaunchScreen.storyboard;
				INFOPLIST_KEY_UIMainStoryboardFile = Main;
				INFOPLIST_KEY_UISupportedInterfaceOrientations = UIInterfaceOrientationPortrait;
				INFOPLIST_KEY_UISupportedInterfaceOrientations_iPad = "UIInterfaceOrientationLandscapeLeft UIInterfaceOrientationLandscapeRight UIInterfaceOrientationPortrait";
				IPHONEOS_DEPLOYMENT_TARGET = 13.0;
				LD_RUNPATH_SEARCH_PATHS = (
					"$(inherited)",
					"@executable_path/Frameworks",
				);
				MARKETING_VERSION = 1.0;
				PRODUCT_BUNDLE_IDENTIFIER = com.ihitesh.EasyRent;
				PRODUCT_NAME = "$(TARGET_NAME)";
				SWIFT_EMIT_LOC_STRINGS = YES;
				SWIFT_VERSION = 5.0;
				TARGETED_DEVICE_FAMILY = "1,2";
			};
			name = Release;
		};
		67F814B628F39685000DC499 /* Debug */ = {
			isa = XCBuildConfiguration;
			baseConfigurationReference = FF13CF93A985646B8E763A33 /* Pods-EasyRentTests.debug.xcconfig */;
			buildSettings = {
				ALWAYS_EMBED_SWIFT_STANDARD_LIBRARIES = YES;
				BUNDLE_LOADER = "$(TEST_HOST)";
				CODE_SIGN_STYLE = Automatic;
				CURRENT_PROJECT_VERSION = 1;
				DEVELOPMENT_TEAM = 9QLTPQPMC3;
				GENERATE_INFOPLIST_FILE = YES;
				IPHONEOS_DEPLOYMENT_TARGET = 15.2;
				MARKETING_VERSION = 1.0;
				PRODUCT_BUNDLE_IDENTIFIER = com.ihitesh.EasyRentTests;
				PRODUCT_NAME = "$(TARGET_NAME)";
				SWIFT_EMIT_LOC_STRINGS = NO;
				SWIFT_VERSION = 5.0;
				TARGETED_DEVICE_FAMILY = "1,2";
				TEST_HOST = "$(BUILT_PRODUCTS_DIR)/EasyRent.app/EasyRent";
			};
			name = Debug;
		};
		67F814B728F39685000DC499 /* Release */ = {
			isa = XCBuildConfiguration;
			baseConfigurationReference = DD0D4690CC4754E7D266D527 /* Pods-EasyRentTests.release.xcconfig */;
			buildSettings = {
				ALWAYS_EMBED_SWIFT_STANDARD_LIBRARIES = YES;
				BUNDLE_LOADER = "$(TEST_HOST)";
				CODE_SIGN_STYLE = Automatic;
				CURRENT_PROJECT_VERSION = 1;
				DEVELOPMENT_TEAM = 9QLTPQPMC3;
				GENERATE_INFOPLIST_FILE = YES;
				IPHONEOS_DEPLOYMENT_TARGET = 15.2;
				MARKETING_VERSION = 1.0;
				PRODUCT_BUNDLE_IDENTIFIER = com.ihitesh.EasyRentTests;
				PRODUCT_NAME = "$(TARGET_NAME)";
				SWIFT_EMIT_LOC_STRINGS = NO;
				SWIFT_VERSION = 5.0;
				TARGETED_DEVICE_FAMILY = "1,2";
				TEST_HOST = "$(BUILT_PRODUCTS_DIR)/EasyRent.app/EasyRent";
			};
			name = Release;
		};
		67F814B928F39685000DC499 /* Debug */ = {
			isa = XCBuildConfiguration;
			baseConfigurationReference = 67891F51FAD54A2B47C3A90A /* Pods-EasyRent-EasyRentUITests.debug.xcconfig */;
			buildSettings = {
				ALWAYS_EMBED_SWIFT_STANDARD_LIBRARIES = YES;
				CODE_SIGN_STYLE = Automatic;
				CURRENT_PROJECT_VERSION = 1;
				DEVELOPMENT_TEAM = 9QLTPQPMC3;
				GENERATE_INFOPLIST_FILE = YES;
				MARKETING_VERSION = 1.0;
				PRODUCT_BUNDLE_IDENTIFIER = com.ihitesh.EasyRentUITests;
				PRODUCT_NAME = "$(TARGET_NAME)";
				SWIFT_EMIT_LOC_STRINGS = NO;
				SWIFT_VERSION = 5.0;
				TARGETED_DEVICE_FAMILY = "1,2";
				TEST_TARGET_NAME = EasyRent;
			};
			name = Debug;
		};
		67F814BA28F39685000DC499 /* Release */ = {
			isa = XCBuildConfiguration;
			baseConfigurationReference = 9E6C476F40D5997A0BF5F869 /* Pods-EasyRent-EasyRentUITests.release.xcconfig */;
			buildSettings = {
				ALWAYS_EMBED_SWIFT_STANDARD_LIBRARIES = YES;
				CODE_SIGN_STYLE = Automatic;
				CURRENT_PROJECT_VERSION = 1;
				DEVELOPMENT_TEAM = 9QLTPQPMC3;
				GENERATE_INFOPLIST_FILE = YES;
				MARKETING_VERSION = 1.0;
				PRODUCT_BUNDLE_IDENTIFIER = com.ihitesh.EasyRentUITests;
				PRODUCT_NAME = "$(TARGET_NAME)";
				SWIFT_EMIT_LOC_STRINGS = NO;
				SWIFT_VERSION = 5.0;
				TARGETED_DEVICE_FAMILY = "1,2";
				TEST_TARGET_NAME = EasyRent;
			};
			name = Release;
		};
/* End XCBuildConfiguration section */

/* Begin XCConfigurationList section */
		67F8148028F39681000DC499 /* Build configuration list for PBXProject "EasyRent" */ = {
			isa = XCConfigurationList;
			buildConfigurations = (
				67F814B028F39685000DC499 /* Debug */,
				67F814B128F39685000DC499 /* Release */,
			);
			defaultConfigurationIsVisible = 0;
			defaultConfigurationName = Release;
		};
		67F814B228F39685000DC499 /* Build configuration list for PBXNativeTarget "EasyRent" */ = {
			isa = XCConfigurationList;
			buildConfigurations = (
				67F814B328F39685000DC499 /* Debug */,
				67F814B428F39685000DC499 /* Release */,
			);
			defaultConfigurationIsVisible = 0;
			defaultConfigurationName = Release;
		};
		67F814B528F39685000DC499 /* Build configuration list for PBXNativeTarget "EasyRentTests" */ = {
			isa = XCConfigurationList;
			buildConfigurations = (
				67F814B628F39685000DC499 /* Debug */,
				67F814B728F39685000DC499 /* Release */,
			);
			defaultConfigurationIsVisible = 0;
			defaultConfigurationName = Release;
		};
		67F814B828F39685000DC499 /* Build configuration list for PBXNativeTarget "EasyRentUITests" */ = {
			isa = XCConfigurationList;
			buildConfigurations = (
				67F814B928F39685000DC499 /* Debug */,
				67F814BA28F39685000DC499 /* Release */,
			);
			defaultConfigurationIsVisible = 0;
			defaultConfigurationName = Release;
		};
/* End XCConfigurationList section */

/* Begin XCRemoteSwiftPackageReference section */
		6715007429017AD7005014C9 /* XCRemoteSwiftPackageReference "SideMenu" */ = {
			isa = XCRemoteSwiftPackageReference;
			repositoryURL = "https://github.com/jonkykong/SideMenu.git";
			requirement = {
				branch = master;
				kind = branch;
			};
		};
		675B3AB82909FC690021ADB0 /* XCRemoteSwiftPackageReference "firebase-ios-sdk" */ = {
			isa = XCRemoteSwiftPackageReference;
			repositoryURL = "https://github.com/firebase/firebase-ios-sdk";
			requirement = {
				kind = upToNextMajorVersion;
				minimumVersion = 9.0.0;
			};
		};
		675B3AD32909FC950021ADB0 /* XCRemoteSwiftPackageReference "Alamofire" */ = {
			isa = XCRemoteSwiftPackageReference;
			repositoryURL = "https://github.com/Alamofire/Alamofire.git";
			requirement = {
				branch = master;
				kind = branch;
			};
		};
		67A4D7CC290ADD7800895A8D /* XCRemoteSwiftPackageReference "SDWebImage" */ = {
			isa = XCRemoteSwiftPackageReference;
			repositoryURL = "https://github.com/SDWebImage/SDWebImage.git";
			requirement = {
				kind = upToNextMajorVersion;
				minimumVersion = 5.0.0;
			};
		};
/* End XCRemoteSwiftPackageReference section */

/* Begin XCSwiftPackageProductDependency section */
		6715007529017AD7005014C9 /* SideMenu */ = {
			isa = XCSwiftPackageProductDependency;
			package = 6715007429017AD7005014C9 /* XCRemoteSwiftPackageReference "SideMenu" */;
			productName = SideMenu;
		};
		675B3AB92909FC690021ADB0 /* FirebaseAnalytics */ = {
			isa = XCSwiftPackageProductDependency;
			package = 675B3AB82909FC690021ADB0 /* XCRemoteSwiftPackageReference "firebase-ios-sdk" */;
			productName = FirebaseAnalytics;
		};
		675B3ABB2909FC690021ADB0 /* FirebaseAnalyticsSwift */ = {
			isa = XCSwiftPackageProductDependency;
			package = 675B3AB82909FC690021ADB0 /* XCRemoteSwiftPackageReference "firebase-ios-sdk" */;
			productName = FirebaseAnalyticsSwift;
		};
		675B3ABD2909FC690021ADB0 /* FirebaseAppCheck */ = {
			isa = XCSwiftPackageProductDependency;
			package = 675B3AB82909FC690021ADB0 /* XCRemoteSwiftPackageReference "firebase-ios-sdk" */;
			productName = FirebaseAppCheck;
		};
		675B3ABF2909FC690021ADB0 /* FirebaseAuth */ = {
			isa = XCSwiftPackageProductDependency;
			package = 675B3AB82909FC690021ADB0 /* XCRemoteSwiftPackageReference "firebase-ios-sdk" */;
			productName = FirebaseAuth;
		};
		675B3AC12909FC690021ADB0 /* FirebaseCrashlytics */ = {
			isa = XCSwiftPackageProductDependency;
			package = 675B3AB82909FC690021ADB0 /* XCRemoteSwiftPackageReference "firebase-ios-sdk" */;
			productName = FirebaseCrashlytics;
		};
		675B3AC32909FC690021ADB0 /* FirebaseDatabase */ = {
			isa = XCSwiftPackageProductDependency;
			package = 675B3AB82909FC690021ADB0 /* XCRemoteSwiftPackageReference "firebase-ios-sdk" */;
			productName = FirebaseDatabase;
		};
		675B3AC52909FC690021ADB0 /* FirebaseDatabaseSwift */ = {
			isa = XCSwiftPackageProductDependency;
			package = 675B3AB82909FC690021ADB0 /* XCRemoteSwiftPackageReference "firebase-ios-sdk" */;
			productName = FirebaseDatabaseSwift;
		};
		675B3AC72909FC690021ADB0 /* FirebaseDynamicLinks */ = {
			isa = XCSwiftPackageProductDependency;
			package = 675B3AB82909FC690021ADB0 /* XCRemoteSwiftPackageReference "firebase-ios-sdk" */;
			productName = FirebaseDynamicLinks;
		};
		675B3AC92909FC690021ADB0 /* FirebaseFirestore */ = {
			isa = XCSwiftPackageProductDependency;
			package = 675B3AB82909FC690021ADB0 /* XCRemoteSwiftPackageReference "firebase-ios-sdk" */;
			productName = FirebaseFirestore;
		};
		675B3ACB2909FC690021ADB0 /* FirebaseFirestoreCombine-Community */ = {
			isa = XCSwiftPackageProductDependency;
			package = 675B3AB82909FC690021ADB0 /* XCRemoteSwiftPackageReference "firebase-ios-sdk" */;
			productName = "FirebaseFirestoreCombine-Community";
		};
		675B3ACD2909FC690021ADB0 /* FirebaseFirestoreSwift */ = {
			isa = XCSwiftPackageProductDependency;
			package = 675B3AB82909FC690021ADB0 /* XCRemoteSwiftPackageReference "firebase-ios-sdk" */;
			productName = FirebaseFirestoreSwift;
		};
		675B3ACF2909FC690021ADB0 /* FirebaseMessaging */ = {
			isa = XCSwiftPackageProductDependency;
			package = 675B3AB82909FC690021ADB0 /* XCRemoteSwiftPackageReference "firebase-ios-sdk" */;
			productName = FirebaseMessaging;
		};
		675B3AD12909FC690021ADB0 /* FirebaseStorage */ = {
			isa = XCSwiftPackageProductDependency;
			package = 675B3AB82909FC690021ADB0 /* XCRemoteSwiftPackageReference "firebase-ios-sdk" */;
			productName = FirebaseStorage;
		};
		675B3AD42909FC950021ADB0 /* Alamofire */ = {
			isa = XCSwiftPackageProductDependency;
			package = 675B3AD32909FC950021ADB0 /* XCRemoteSwiftPackageReference "Alamofire" */;
			productName = Alamofire;
		};
		67A4D7CD290ADD7800895A8D /* SDWebImage */ = {
			isa = XCSwiftPackageProductDependency;
			package = 67A4D7CC290ADD7800895A8D /* XCRemoteSwiftPackageReference "SDWebImage" */;
			productName = SDWebImage;
		};
/* End XCSwiftPackageProductDependency section */

/* Begin XCVersionGroup section */
		67F8149128F39682000DC499 /* EasyRent.xcdatamodeld */ = {
			isa = XCVersionGroup;
			children = (
				67F8149228F39682000DC499 /* EasyRent.xcdatamodel */,
			);
			currentVersion = 67F8149228F39682000DC499 /* EasyRent.xcdatamodel */;
			path = EasyRent.xcdatamodeld;
			sourceTree = "<group>";
			versionGroupType = wrapper.xcdatamodel;
		};
/* End XCVersionGroup section */
	};
	rootObject = 67F8147D28F39681000DC499 /* Project object */;
}
